// !$*UTF8*$!
{
	archiveVersion = 1;
	classes = {
	};
	objectVersion = 46;
	objects = {

/* Begin PBXBuildFile section */
		7B0FB98B1F31765A00BEB81E /* MineViewController.swift in Sources */ = {isa = PBXBuildFile; fileRef = 7B0FB98A1F31765A00BEB81E /* MineViewController.swift */; };
		7B0FB98D1F31768F00BEB81E /* HeaderCell.swift in Sources */ = {isa = PBXBuildFile; fileRef = 7B0FB98C1F31768F00BEB81E /* HeaderCell.swift */; };
		7B0FB9901F3176DB00BEB81E /* MineStaicCell.swift in Sources */ = {isa = PBXBuildFile; fileRef = 7B0FB98E1F3176DB00BEB81E /* MineStaicCell.swift */; };
		7B0FB9911F3176DB00BEB81E /* MineStaicCell.xib in Resources */ = {isa = PBXBuildFile; fileRef = 7B0FB98F1F3176DB00BEB81E /* MineStaicCell.xib */; };
		7B4832FF1F32C5FD008B57F5 /* StaicCellModel.swift in Sources */ = {isa = PBXBuildFile; fileRef = 7B4832FE1F32C5FD008B57F5 /* StaicCellModel.swift */; };
		7B4833091F332526008B57F5 /* HistoryTagsTool.swift in Sources */ = {isa = PBXBuildFile; fileRef = 7B4833081F332526008B57F5 /* HistoryTagsTool.swift */; };
		7B4833181F332568008B57F5 /* FMDatabase.m in Sources */ = {isa = PBXBuildFile; fileRef = 7B48330C1F332568008B57F5 /* FMDatabase.m */; };
		7B4833191F332568008B57F5 /* FMDatabaseAdditions.m in Sources */ = {isa = PBXBuildFile; fileRef = 7B48330E1F332568008B57F5 /* FMDatabaseAdditions.m */; };
		7B48331A1F332568008B57F5 /* FMDatabasePool.m in Sources */ = {isa = PBXBuildFile; fileRef = 7B4833101F332568008B57F5 /* FMDatabasePool.m */; };
		7B48331B1F332568008B57F5 /* FMDatabaseQueue.m in Sources */ = {isa = PBXBuildFile; fileRef = 7B4833121F332568008B57F5 /* FMDatabaseQueue.m */; };
		7B48331C1F332568008B57F5 /* FMDBHelper.m in Sources */ = {isa = PBXBuildFile; fileRef = 7B4833151F332568008B57F5 /* FMDBHelper.m */; };
		7B48331D1F332568008B57F5 /* FMResultSet.m in Sources */ = {isa = PBXBuildFile; fileRef = 7B4833171F332568008B57F5 /* FMResultSet.m */; };
		7B48331F1F332573008B57F5 /* libsqlite3.0.tbd in Frameworks */ = {isa = PBXBuildFile; fileRef = 7B48331E1F332573008B57F5 /* libsqlite3.0.tbd */; };
		7B5668961F28D29D000AB99D /* HomeTopic.swift in Sources */ = {isa = PBXBuildFile; fileRef = 7B5668951F28D29D000AB99D /* HomeTopic.swift */; };
		7B5668B51F28D772000AB99D /* JsonModelTool.swift in Sources */ = {isa = PBXBuildFile; fileRef = 7B5668B41F28D772000AB99D /* JsonModelTool.swift */; };
		7B5669111F30213C000AB99D /* Alamofire.framework in Frameworks */ = {isa = PBXBuildFile; fileRef = 7B5669041F30213C000AB99D /* Alamofire.framework */; };
		7B5669121F30213C000AB99D /* Alamofire.framework in Embed Frameworks */ = {isa = PBXBuildFile; fileRef = 7B5669041F30213C000AB99D /* Alamofire.framework */; settings = {ATTRIBUTES = (CodeSignOnCopy, RemoveHeadersOnCopy, ); }; };
		7B56691A1F3056DC000AB99D /* Reachability.swift in Sources */ = {isa = PBXBuildFile; fileRef = 7B5669181F3056DC000AB99D /* Reachability.swift */; };
		7B56691D1F30589D000AB99D /* SystemConfiguration.framework in Frameworks */ = {isa = PBXBuildFile; fileRef = 7B56691C1F30589D000AB99D /* SystemConfiguration.framework */; };
		7B56691F1F305A90000AB99D /* XLReachability.swift in Sources */ = {isa = PBXBuildFile; fileRef = 7B56691E1F305A90000AB99D /* XLReachability.swift */; };
		901883961EF0E4E300B0A12C /* HomeViewController.swift in Sources */ = {isa = PBXBuildFile; fileRef = 9018838A1EF0E4E300B0A12C /* HomeViewController.swift */; };
		902814131F2EC60800839E8B /* DDLogonViewController.swift in Sources */ = {isa = PBXBuildFile; fileRef = 902814121F2EC60800839E8B /* DDLogonViewController.swift */; };
		9028141C1F2EC7E600839E8B /* DDWebViewController.swift in Sources */ = {isa = PBXBuildFile; fileRef = 9028141B1F2EC7E600839E8B /* DDWebViewController.swift */; };
		903DFED21F25E4B300CFC8C5 /* MyNavigationController.swift in Sources */ = {isa = PBXBuildFile; fileRef = 903DFED01F25E4B300CFC8C5 /* MyNavigationController.swift */; };
		903DFED31F25E4B300CFC8C5 /* MyTabBarController.swift in Sources */ = {isa = PBXBuildFile; fileRef = 903DFED11F25E4B300CFC8C5 /* MyTabBarController.swift */; };
		903DFED91F25F62C00CFC8C5 /* ScreenTool.swift in Sources */ = {isa = PBXBuildFile; fileRef = 903DFED51F25F62C00CFC8C5 /* ScreenTool.swift */; };
		903DFEDA1F25F62C00CFC8C5 /* AnimationTool.swift in Sources */ = {isa = PBXBuildFile; fileRef = 903DFED71F25F62C00CFC8C5 /* AnimationTool.swift */; };
		903DFEDB1F25F62C00CFC8C5 /* UIView+Extension.swift in Sources */ = {isa = PBXBuildFile; fileRef = 903DFED81F25F62C00CFC8C5 /* UIView+Extension.swift */; };
		903DFEDD1F25F7FB00CFC8C5 /* XLTopHomeView.swift in Sources */ = {isa = PBXBuildFile; fileRef = 903DFEDC1F25F7FB00CFC8C5 /* XLTopHomeView.swift */; };
		903DFF041F26EADE00CFC8C5 /* LICENSE in Resources */ = {isa = PBXBuildFile; fileRef = 903DFEE01F26EADE00CFC8C5 /* LICENSE */; };
		903DFF051F26EADE00CFC8C5 /* README.md in Sources */ = {isa = PBXBuildFile; fileRef = 903DFEE11F26EADE00CFC8C5 /* README.md */; };
		903DFF061F26EADE00CFC8C5 /* Constraint.swift in Sources */ = {isa = PBXBuildFile; fileRef = 903DFEE31F26EADE00CFC8C5 /* Constraint.swift */; };
		903DFF071F26EADE00CFC8C5 /* ConstraintAttributes.swift in Sources */ = {isa = PBXBuildFile; fileRef = 903DFEE41F26EADE00CFC8C5 /* ConstraintAttributes.swift */; };
		903DFF081F26EADE00CFC8C5 /* ConstraintConfig.swift in Sources */ = {isa = PBXBuildFile; fileRef = 903DFEE51F26EADE00CFC8C5 /* ConstraintConfig.swift */; };
		903DFF091F26EADE00CFC8C5 /* ConstraintConstantTarget.swift in Sources */ = {isa = PBXBuildFile; fileRef = 903DFEE61F26EADE00CFC8C5 /* ConstraintConstantTarget.swift */; };
		903DFF0A1F26EADE00CFC8C5 /* ConstraintDescription.swift in Sources */ = {isa = PBXBuildFile; fileRef = 903DFEE71F26EADE00CFC8C5 /* ConstraintDescription.swift */; };
		903DFF0B1F26EADE00CFC8C5 /* ConstraintDSL.swift in Sources */ = {isa = PBXBuildFile; fileRef = 903DFEE81F26EADE00CFC8C5 /* ConstraintDSL.swift */; };
		903DFF0C1F26EADE00CFC8C5 /* ConstraintInsets.swift in Sources */ = {isa = PBXBuildFile; fileRef = 903DFEE91F26EADE00CFC8C5 /* ConstraintInsets.swift */; };
		903DFF0D1F26EADE00CFC8C5 /* ConstraintInsetTarget.swift in Sources */ = {isa = PBXBuildFile; fileRef = 903DFEEA1F26EADE00CFC8C5 /* ConstraintInsetTarget.swift */; };
		903DFF0E1F26EADE00CFC8C5 /* ConstraintItem.swift in Sources */ = {isa = PBXBuildFile; fileRef = 903DFEEB1F26EADE00CFC8C5 /* ConstraintItem.swift */; };
		903DFF0F1F26EADE00CFC8C5 /* ConstraintLayoutGuide+Extensions.swift in Sources */ = {isa = PBXBuildFile; fileRef = 903DFEEC1F26EADE00CFC8C5 /* ConstraintLayoutGuide+Extensions.swift */; };
		903DFF101F26EADE00CFC8C5 /* ConstraintLayoutGuide.swift in Sources */ = {isa = PBXBuildFile; fileRef = 903DFEED1F26EADE00CFC8C5 /* ConstraintLayoutGuide.swift */; };
		903DFF111F26EADE00CFC8C5 /* ConstraintLayoutGuideDSL.swift in Sources */ = {isa = PBXBuildFile; fileRef = 903DFEEE1F26EADE00CFC8C5 /* ConstraintLayoutGuideDSL.swift */; };
		903DFF121F26EADE00CFC8C5 /* ConstraintLayoutSupport.swift in Sources */ = {isa = PBXBuildFile; fileRef = 903DFEEF1F26EADE00CFC8C5 /* ConstraintLayoutSupport.swift */; };
		903DFF131F26EADE00CFC8C5 /* ConstraintLayoutSupportDSL.swift in Sources */ = {isa = PBXBuildFile; fileRef = 903DFEF01F26EADE00CFC8C5 /* ConstraintLayoutSupportDSL.swift */; };
		903DFF141F26EADE00CFC8C5 /* ConstraintMaker.swift in Sources */ = {isa = PBXBuildFile; fileRef = 903DFEF11F26EADE00CFC8C5 /* ConstraintMaker.swift */; };
		903DFF151F26EADE00CFC8C5 /* ConstraintMakerEditable.swift in Sources */ = {isa = PBXBuildFile; fileRef = 903DFEF21F26EADE00CFC8C5 /* ConstraintMakerEditable.swift */; };
		903DFF161F26EADE00CFC8C5 /* ConstraintMakerExtendable.swift in Sources */ = {isa = PBXBuildFile; fileRef = 903DFEF31F26EADE00CFC8C5 /* ConstraintMakerExtendable.swift */; };
		903DFF171F26EADE00CFC8C5 /* ConstraintMakerFinalizable.swift in Sources */ = {isa = PBXBuildFile; fileRef = 903DFEF41F26EADE00CFC8C5 /* ConstraintMakerFinalizable.swift */; };
		903DFF181F26EADE00CFC8C5 /* ConstraintMakerPriortizable.swift in Sources */ = {isa = PBXBuildFile; fileRef = 903DFEF51F26EADE00CFC8C5 /* ConstraintMakerPriortizable.swift */; };
		903DFF191F26EADE00CFC8C5 /* ConstraintMakerRelatable.swift in Sources */ = {isa = PBXBuildFile; fileRef = 903DFEF61F26EADE00CFC8C5 /* ConstraintMakerRelatable.swift */; };
		903DFF1A1F26EADE00CFC8C5 /* ConstraintMultiplierTarget.swift in Sources */ = {isa = PBXBuildFile; fileRef = 903DFEF71F26EADE00CFC8C5 /* ConstraintMultiplierTarget.swift */; };
		903DFF1B1F26EADE00CFC8C5 /* ConstraintOffsetTarget.swift in Sources */ = {isa = PBXBuildFile; fileRef = 903DFEF81F26EADE00CFC8C5 /* ConstraintOffsetTarget.swift */; };
		903DFF1C1F26EADE00CFC8C5 /* ConstraintPriority.swift in Sources */ = {isa = PBXBuildFile; fileRef = 903DFEF91F26EADE00CFC8C5 /* ConstraintPriority.swift */; };
		903DFF1D1F26EADE00CFC8C5 /* ConstraintPriorityTarget.swift in Sources */ = {isa = PBXBuildFile; fileRef = 903DFEFA1F26EADE00CFC8C5 /* ConstraintPriorityTarget.swift */; };
		903DFF1E1F26EADE00CFC8C5 /* ConstraintRelatableTarget.swift in Sources */ = {isa = PBXBuildFile; fileRef = 903DFEFB1F26EADE00CFC8C5 /* ConstraintRelatableTarget.swift */; };
		903DFF1F1F26EADE00CFC8C5 /* ConstraintRelation.swift in Sources */ = {isa = PBXBuildFile; fileRef = 903DFEFC1F26EADE00CFC8C5 /* ConstraintRelation.swift */; };
		903DFF201F26EADE00CFC8C5 /* ConstraintView+Extensions.swift in Sources */ = {isa = PBXBuildFile; fileRef = 903DFEFD1F26EADE00CFC8C5 /* ConstraintView+Extensions.swift */; };
		903DFF211F26EADE00CFC8C5 /* ConstraintView.swift in Sources */ = {isa = PBXBuildFile; fileRef = 903DFEFE1F26EADE00CFC8C5 /* ConstraintView.swift */; };
		903DFF221F26EADE00CFC8C5 /* ConstraintViewDSL.swift in Sources */ = {isa = PBXBuildFile; fileRef = 903DFEFF1F26EADE00CFC8C5 /* ConstraintViewDSL.swift */; };
		903DFF231F26EADE00CFC8C5 /* Debugging.swift in Sources */ = {isa = PBXBuildFile; fileRef = 903DFF001F26EADE00CFC8C5 /* Debugging.swift */; };
		903DFF241F26EADE00CFC8C5 /* LayoutConstraint.swift in Sources */ = {isa = PBXBuildFile; fileRef = 903DFF011F26EADE00CFC8C5 /* LayoutConstraint.swift */; };
		903DFF251F26EADE00CFC8C5 /* LayoutConstraintItem.swift in Sources */ = {isa = PBXBuildFile; fileRef = 903DFF021F26EADE00CFC8C5 /* LayoutConstraintItem.swift */; };
		903DFF261F26EADE00CFC8C5 /* UILayoutSupport+Extensions.swift in Sources */ = {isa = PBXBuildFile; fileRef = 903DFF031F26EADE00CFC8C5 /* UILayoutSupport+Extensions.swift */; };
		903DFF281F26F06F00CFC8C5 /* HomeNewsCell.swift in Sources */ = {isa = PBXBuildFile; fileRef = 903DFF271F26F06F00CFC8C5 /* HomeNewsCell.swift */; };
		903DFF521F2841F400CFC8C5 /* XLNetWorkTool.swift in Sources */ = {isa = PBXBuildFile; fileRef = 903DFF511F2841F400CFC8C5 /* XLNetWorkTool.swift */; };
		903DFFC01F2891AC00CFC8C5 /* LICENSE in Resources */ = {isa = PBXBuildFile; fileRef = 903DFFA21F2891AC00CFC8C5 /* LICENSE */; };
		903DFFC11F2891AC00CFC8C5 /* README.md in Sources */ = {isa = PBXBuildFile; fileRef = 903DFFA31F2891AC00CFC8C5 /* README.md */; };
		903DFFC21F2891AC00CFC8C5 /* AnimatedImageView.swift in Sources */ = {isa = PBXBuildFile; fileRef = 903DFFA51F2891AC00CFC8C5 /* AnimatedImageView.swift */; };
		903DFFC31F2891AC00CFC8C5 /* Box.swift in Sources */ = {isa = PBXBuildFile; fileRef = 903DFFA61F2891AC00CFC8C5 /* Box.swift */; };
		903DFFC41F2891AC00CFC8C5 /* CacheSerializer.swift in Sources */ = {isa = PBXBuildFile; fileRef = 903DFFA71F2891AC00CFC8C5 /* CacheSerializer.swift */; };
		903DFFC51F2891AC00CFC8C5 /* Filter.swift in Sources */ = {isa = PBXBuildFile; fileRef = 903DFFA81F2891AC00CFC8C5 /* Filter.swift */; };
		903DFFC61F2891AC00CFC8C5 /* FormatIndicatedCacheSerializer.swift in Sources */ = {isa = PBXBuildFile; fileRef = 903DFFA91F2891AC00CFC8C5 /* FormatIndicatedCacheSerializer.swift */; };
		903DFFC71F2891AC00CFC8C5 /* Image.swift in Sources */ = {isa = PBXBuildFile; fileRef = 903DFFAA1F2891AC00CFC8C5 /* Image.swift */; };
		903DFFC81F2891AC00CFC8C5 /* ImageCache.swift in Sources */ = {isa = PBXBuildFile; fileRef = 903DFFAB1F2891AC00CFC8C5 /* ImageCache.swift */; };
		903DFFC91F2891AC00CFC8C5 /* ImageDownloader.swift in Sources */ = {isa = PBXBuildFile; fileRef = 903DFFAC1F2891AC00CFC8C5 /* ImageDownloader.swift */; };
		903DFFCA1F2891AC00CFC8C5 /* ImagePrefetcher.swift in Sources */ = {isa = PBXBuildFile; fileRef = 903DFFAD1F2891AC00CFC8C5 /* ImagePrefetcher.swift */; };
		903DFFCB1F2891AC00CFC8C5 /* ImageProcessor.swift in Sources */ = {isa = PBXBuildFile; fileRef = 903DFFAE1F2891AC00CFC8C5 /* ImageProcessor.swift */; };
		903DFFCC1F2891AC00CFC8C5 /* ImageTransition.swift in Sources */ = {isa = PBXBuildFile; fileRef = 903DFFAF1F2891AC00CFC8C5 /* ImageTransition.swift */; };
		903DFFCD1F2891AC00CFC8C5 /* ImageView+Kingfisher.swift in Sources */ = {isa = PBXBuildFile; fileRef = 903DFFB01F2891AC00CFC8C5 /* ImageView+Kingfisher.swift */; };
		903DFFCE1F2891AC00CFC8C5 /* Indicator.swift in Sources */ = {isa = PBXBuildFile; fileRef = 903DFFB11F2891AC00CFC8C5 /* Indicator.swift */; };
		903DFFCF1F2891AC00CFC8C5 /* Kingfisher.swift in Sources */ = {isa = PBXBuildFile; fileRef = 903DFFB31F2891AC00CFC8C5 /* Kingfisher.swift */; };
		903DFFD01F2891AC00CFC8C5 /* KingfisherManager.swift in Sources */ = {isa = PBXBuildFile; fileRef = 903DFFB41F2891AC00CFC8C5 /* KingfisherManager.swift */; };
		903DFFD11F2891AC00CFC8C5 /* KingfisherOptionsInfo.swift in Sources */ = {isa = PBXBuildFile; fileRef = 903DFFB51F2891AC00CFC8C5 /* KingfisherOptionsInfo.swift */; };
		903DFFD21F2891AC00CFC8C5 /* RequestModifier.swift in Sources */ = {isa = PBXBuildFile; fileRef = 903DFFB61F2891AC00CFC8C5 /* RequestModifier.swift */; };
		903DFFD31F2891AC00CFC8C5 /* Resource.swift in Sources */ = {isa = PBXBuildFile; fileRef = 903DFFB71F2891AC00CFC8C5 /* Resource.swift */; };
		903DFFD41F2891AC00CFC8C5 /* String+MD5.swift in Sources */ = {isa = PBXBuildFile; fileRef = 903DFFB81F2891AC00CFC8C5 /* String+MD5.swift */; };
		903DFFD51F2891AC00CFC8C5 /* ThreadHelper.swift in Sources */ = {isa = PBXBuildFile; fileRef = 903DFFB91F2891AC00CFC8C5 /* ThreadHelper.swift */; };
		903DFFD61F2891AC00CFC8C5 /* UIButton+Kingfisher.swift in Sources */ = {isa = PBXBuildFile; fileRef = 903DFFBA1F2891AC00CFC8C5 /* UIButton+Kingfisher.swift */; };
		903DFFD71F2891AC00CFC8C5 /* LICENSE in Resources */ = {isa = PBXBuildFile; fileRef = 903DFFBC1F2891AC00CFC8C5 /* LICENSE */; };
		903DFFD81F2891AC00CFC8C5 /* README.md in Sources */ = {isa = PBXBuildFile; fileRef = 903DFFBD1F2891AC00CFC8C5 /* README.md */; };
		903DFFD91F2891AC00CFC8C5 /* SwiftyJSON.swift in Sources */ = {isa = PBXBuildFile; fileRef = 903DFFBF1F2891AC00CFC8C5 /* SwiftyJSON.swift */; };
		90BE3C8E1F2AE1E50012A528 /* DDLoginViewController.swift in Sources */ = {isa = PBXBuildFile; fileRef = 90BE3C8D1F2AE1E50012A528 /* DDLoginViewController.swift */; };
		90BE3C9B1F2B22390012A528 /* LICENSE.txt in Resources */ = {isa = PBXBuildFile; fileRef = 90BE3C931F2B22380012A528 /* LICENSE.txt */; };
		90BE3C9C1F2B22390012A528 /* README.md in Sources */ = {isa = PBXBuildFile; fileRef = 90BE3C941F2B22380012A528 /* README.md */; };
		90BE3C9D1F2B22390012A528 /* SVIndefiniteAnimatedView.m in Sources */ = {isa = PBXBuildFile; fileRef = 90BE3C971F2B22390012A528 /* SVIndefiniteAnimatedView.m */; };
		90BE3C9E1F2B22390012A528 /* SVProgressHUD.bundle in Resources */ = {isa = PBXBuildFile; fileRef = 90BE3C981F2B22390012A528 /* SVProgressHUD.bundle */; };
		90BE3C9F1F2B22390012A528 /* SVProgressHUD.m in Sources */ = {isa = PBXBuildFile; fileRef = 90BE3C9A1F2B22390012A528 /* SVProgressHUD.m */; };
		90BE3CA81F2B30350012A528 /* DetaileViewController.swift in Sources */ = {isa = PBXBuildFile; fileRef = 90BE3CA71F2B30350012A528 /* DetaileViewController.swift */; };
		90F94BAD1EEA812900E1F8D2 /* Assets.xcassets in Resources */ = {isa = PBXBuildFile; fileRef = 90F94BAC1EEA812900E1F8D2 /* Assets.xcassets */; };
		90F94BC01EEA842900E1F8D2 /* AppDelegate.swift in Sources */ = {isa = PBXBuildFile; fileRef = 90F94BBC1EEA842900E1F8D2 /* AppDelegate.swift */; };
		90F94BC11EEA842900E1F8D2 /* LaunchScreen.storyboard in Resources */ = {isa = PBXBuildFile; fileRef = 90F94BBD1EEA842900E1F8D2 /* LaunchScreen.storyboard */; };
		90F94BC21EEA842900E1F8D2 /* Main.storyboard in Resources */ = {isa = PBXBuildFile; fileRef = 90F94BBE1EEA842900E1F8D2 /* Main.storyboard */; };
		90F94BC31EEA842900E1F8D2 /* ViewController.swift in Sources */ = {isa = PBXBuildFile; fileRef = 90F94BBF1EEA842900E1F8D2 /* ViewController.swift */; };
		90F94BC71EEA84B900E1F8D2 /* Info.plist in Resources */ = {isa = PBXBuildFile; fileRef = 90F94BC61EEA84B900E1F8D2 /* Info.plist */; };
		90FEA7441F2EDA4E00FC3F45 /* MJRefreshAutoFooter.m in Sources */ = {isa = PBXBuildFile; fileRef = 90FEA7181F2EDA4E00FC3F45 /* MJRefreshAutoFooter.m */; };
		90FEA7451F2EDA4E00FC3F45 /* MJRefreshBackFooter.m in Sources */ = {isa = PBXBuildFile; fileRef = 90FEA71A1F2EDA4E00FC3F45 /* MJRefreshBackFooter.m */; };
		90FEA7461F2EDA4E00FC3F45 /* MJRefreshComponent.m in Sources */ = {isa = PBXBuildFile; fileRef = 90FEA71C1F2EDA4E00FC3F45 /* MJRefreshComponent.m */; };
		90FEA7471F2EDA4E00FC3F45 /* MJRefreshFooter.m in Sources */ = {isa = PBXBuildFile; fileRef = 90FEA71E1F2EDA4E00FC3F45 /* MJRefreshFooter.m */; };
		90FEA7481F2EDA4E00FC3F45 /* MJRefreshHeader.m in Sources */ = {isa = PBXBuildFile; fileRef = 90FEA7201F2EDA4E00FC3F45 /* MJRefreshHeader.m */; };
		90FEA7491F2EDA4E00FC3F45 /* MJRefreshAutoGifFooter.m in Sources */ = {isa = PBXBuildFile; fileRef = 90FEA7251F2EDA4E00FC3F45 /* MJRefreshAutoGifFooter.m */; };
		90FEA74A1F2EDA4E00FC3F45 /* MJRefreshAutoNormalFooter.m in Sources */ = {isa = PBXBuildFile; fileRef = 90FEA7271F2EDA4E00FC3F45 /* MJRefreshAutoNormalFooter.m */; };
		90FEA74B1F2EDA4E00FC3F45 /* MJRefreshAutoStateFooter.m in Sources */ = {isa = PBXBuildFile; fileRef = 90FEA7291F2EDA4E00FC3F45 /* MJRefreshAutoStateFooter.m */; };
		90FEA74C1F2EDA4E00FC3F45 /* MJRefreshBackGifFooter.m in Sources */ = {isa = PBXBuildFile; fileRef = 90FEA72C1F2EDA4E00FC3F45 /* MJRefreshBackGifFooter.m */; };
		90FEA74D1F2EDA4E00FC3F45 /* MJRefreshBackNormalFooter.m in Sources */ = {isa = PBXBuildFile; fileRef = 90FEA72E1F2EDA4E00FC3F45 /* MJRefreshBackNormalFooter.m */; };
		90FEA74E1F2EDA4E00FC3F45 /* MJRefreshBackStateFooter.m in Sources */ = {isa = PBXBuildFile; fileRef = 90FEA7301F2EDA4E00FC3F45 /* MJRefreshBackStateFooter.m */; };
		90FEA74F1F2EDA4E00FC3F45 /* MJRefreshGifHeader.m in Sources */ = {isa = PBXBuildFile; fileRef = 90FEA7331F2EDA4E00FC3F45 /* MJRefreshGifHeader.m */; };
		90FEA7501F2EDA4E00FC3F45 /* MJRefreshNormalHeader.m in Sources */ = {isa = PBXBuildFile; fileRef = 90FEA7351F2EDA4E00FC3F45 /* MJRefreshNormalHeader.m */; };
		90FEA7511F2EDA4E00FC3F45 /* MJRefreshStateHeader.m in Sources */ = {isa = PBXBuildFile; fileRef = 90FEA7371F2EDA4E00FC3F45 /* MJRefreshStateHeader.m */; };
		90FEA7521F2EDA4E00FC3F45 /* MJRefresh.bundle in Resources */ = {isa = PBXBuildFile; fileRef = 90FEA7381F2EDA4E00FC3F45 /* MJRefresh.bundle */; };
		90FEA7531F2EDA4E00FC3F45 /* MJRefreshConst.m in Sources */ = {isa = PBXBuildFile; fileRef = 90FEA73B1F2EDA4E00FC3F45 /* MJRefreshConst.m */; };
		90FEA7541F2EDA4E00FC3F45 /* NSBundle+MJRefresh.m in Sources */ = {isa = PBXBuildFile; fileRef = 90FEA73D1F2EDA4E00FC3F45 /* NSBundle+MJRefresh.m */; };
		90FEA7551F2EDA4E00FC3F45 /* UIScrollView+MJExtension.m in Sources */ = {isa = PBXBuildFile; fileRef = 90FEA73F1F2EDA4E00FC3F45 /* UIScrollView+MJExtension.m */; };
		90FEA7561F2EDA4E00FC3F45 /* UIScrollView+MJRefresh.m in Sources */ = {isa = PBXBuildFile; fileRef = 90FEA7411F2EDA4E00FC3F45 /* UIScrollView+MJRefresh.m */; };
		90FEA7571F2EDA4E00FC3F45 /* UIView+MJExtension.m in Sources */ = {isa = PBXBuildFile; fileRef = 90FEA7431F2EDA4E00FC3F45 /* UIView+MJExtension.m */; };
		90FEA7591F2F115F00FC3F45 /* DDSearchViewController.swift in Sources */ = {isa = PBXBuildFile; fileRef = 90FEA7581F2F115F00FC3F45 /* DDSearchViewController.swift */; };
/* End PBXBuildFile section */

/* Begin PBXContainerItemProxy section */
		7B0FB97A1F3175D300BEB81E /* PBXContainerItemProxy */ = {
			isa = PBXContainerItemProxy;
			containerPortal = 7B5668DA1F3020D5000AB99D /* Alamofire.xcodeproj */;
			proxyType = 2;
			remoteGlobalIDString = 7B0FB96B1F31664900BEB81E;
			remoteInfo = "Alamofire iOS Tests";
		};
		7B0FB97C1F3175D300BEB81E /* PBXContainerItemProxy */ = {
			isa = PBXContainerItemProxy;
			containerPortal = 7B5668DA1F3020D5000AB99D /* Alamofire.xcodeproj */;
			proxyType = 2;
			remoteGlobalIDString = 7B0FB96C1F31664900BEB81E;
			remoteInfo = "Alamofire macOS";
		};
		7B0FB97E1F3175D300BEB81E /* PBXContainerItemProxy */ = {
			isa = PBXContainerItemProxy;
			containerPortal = 7B5668DA1F3020D5000AB99D /* Alamofire.xcodeproj */;
			proxyType = 2;
			remoteGlobalIDString = 7B0FB96D1F31664900BEB81E;
			remoteInfo = "Alamofire macOS Tests";
		};
		7B0FB9801F3175D300BEB81E /* PBXContainerItemProxy */ = {
			isa = PBXContainerItemProxy;
			containerPortal = 7B5668DA1F3020D5000AB99D /* Alamofire.xcodeproj */;
			proxyType = 2;
			remoteGlobalIDString = 7B0FB96E1F31664900BEB81E;
			remoteInfo = "Alamofire tvOS";
		};
		7B0FB9821F3175D300BEB81E /* PBXContainerItemProxy */ = {
			isa = PBXContainerItemProxy;
			containerPortal = 7B5668DA1F3020D5000AB99D /* Alamofire.xcodeproj */;
			proxyType = 2;
			remoteGlobalIDString = 7B0FB96F1F31664900BEB81E;
			remoteInfo = "Alamofire tvOS Tests";
		};
		7B0FB9841F3175D300BEB81E /* PBXContainerItemProxy */ = {
			isa = PBXContainerItemProxy;
			containerPortal = 7B5668DA1F3020D5000AB99D /* Alamofire.xcodeproj */;
			proxyType = 2;
			remoteGlobalIDString = 7B0FB9701F31664900BEB81E;
			remoteInfo = "Alamofire watchOS";
		};
		7B5669031F30213C000AB99D /* PBXContainerItemProxy */ = {
			isa = PBXContainerItemProxy;
			containerPortal = 7B5668DA1F3020D5000AB99D /* Alamofire.xcodeproj */;
			proxyType = 2;
			remoteGlobalIDString = 7B5668F41F30212E000AB99D;
			remoteInfo = "Alamofire iOS";
		};
		7B5669131F30213C000AB99D /* PBXContainerItemProxy */ = {
			isa = PBXContainerItemProxy;
			containerPortal = 7B5668DA1F3020D5000AB99D /* Alamofire.xcodeproj */;
			proxyType = 1;
			remoteGlobalIDString = F8111E3219A95C8B0040E7D1;
			remoteInfo = "Alamofire iOS";
		};
/* End PBXContainerItemProxy section */

/* Begin PBXCopyFilesBuildPhase section */
		903D00CD1F28935E00CFC8C5 /* Embed Frameworks */ = {
			isa = PBXCopyFilesBuildPhase;
			buildActionMask = 2147483647;
			dstPath = "";
			dstSubfolderSpec = 10;
			files = (
				7B5669121F30213C000AB99D /* Alamofire.framework in Embed Frameworks */,
			);
			name = "Embed Frameworks";
			runOnlyForDeploymentPostprocessing = 0;
		};
/* End PBXCopyFilesBuildPhase section */

/* Begin PBXFileReference section */
		7B0FB98A1F31765A00BEB81E /* MineViewController.swift */ = {isa = PBXFileReference; fileEncoding = 4; lastKnownFileType = sourcecode.swift; path = MineViewController.swift; sourceTree = "<group>"; };
		7B0FB98C1F31768F00BEB81E /* HeaderCell.swift */ = {isa = PBXFileReference; fileEncoding = 4; lastKnownFileType = sourcecode.swift; path = HeaderCell.swift; sourceTree = "<group>"; };
		7B0FB98E1F3176DB00BEB81E /* MineStaicCell.swift */ = {isa = PBXFileReference; fileEncoding = 4; lastKnownFileType = sourcecode.swift; path = MineStaicCell.swift; sourceTree = "<group>"; };
		7B0FB98F1F3176DB00BEB81E /* MineStaicCell.xib */ = {isa = PBXFileReference; fileEncoding = 4; lastKnownFileType = file.xib; path = MineStaicCell.xib; sourceTree = "<group>"; };
		7B4832FE1F32C5FD008B57F5 /* StaicCellModel.swift */ = {isa = PBXFileReference; fileEncoding = 4; lastKnownFileType = sourcecode.swift; path = StaicCellModel.swift; sourceTree = "<group>"; };
		7B4833081F332526008B57F5 /* HistoryTagsTool.swift */ = {isa = PBXFileReference; fileEncoding = 4; lastKnownFileType = sourcecode.swift; path = HistoryTagsTool.swift; sourceTree = "<group>"; };
		7B48330B1F332568008B57F5 /* FMDatabase.h */ = {isa = PBXFileReference; fileEncoding = 4; lastKnownFileType = sourcecode.c.h; path = FMDatabase.h; sourceTree = "<group>"; };
		7B48330C1F332568008B57F5 /* FMDatabase.m */ = {isa = PBXFileReference; fileEncoding = 4; lastKnownFileType = sourcecode.c.objc; path = FMDatabase.m; sourceTree = "<group>"; };
		7B48330D1F332568008B57F5 /* FMDatabaseAdditions.h */ = {isa = PBXFileReference; fileEncoding = 4; lastKnownFileType = sourcecode.c.h; path = FMDatabaseAdditions.h; sourceTree = "<group>"; };
		7B48330E1F332568008B57F5 /* FMDatabaseAdditions.m */ = {isa = PBXFileReference; fileEncoding = 4; lastKnownFileType = sourcecode.c.objc; path = FMDatabaseAdditions.m; sourceTree = "<group>"; };
		7B48330F1F332568008B57F5 /* FMDatabasePool.h */ = {isa = PBXFileReference; fileEncoding = 4; lastKnownFileType = sourcecode.c.h; path = FMDatabasePool.h; sourceTree = "<group>"; };
		7B4833101F332568008B57F5 /* FMDatabasePool.m */ = {isa = PBXFileReference; fileEncoding = 4; lastKnownFileType = sourcecode.c.objc; path = FMDatabasePool.m; sourceTree = "<group>"; };
		7B4833111F332568008B57F5 /* FMDatabaseQueue.h */ = {isa = PBXFileReference; fileEncoding = 4; lastKnownFileType = sourcecode.c.h; path = FMDatabaseQueue.h; sourceTree = "<group>"; };
		7B4833121F332568008B57F5 /* FMDatabaseQueue.m */ = {isa = PBXFileReference; fileEncoding = 4; lastKnownFileType = sourcecode.c.objc; path = FMDatabaseQueue.m; sourceTree = "<group>"; };
		7B4833131F332568008B57F5 /* FMDB.h */ = {isa = PBXFileReference; fileEncoding = 4; lastKnownFileType = sourcecode.c.h; path = FMDB.h; sourceTree = "<group>"; };
		7B4833141F332568008B57F5 /* FMDBHelper.h */ = {isa = PBXFileReference; fileEncoding = 4; lastKnownFileType = sourcecode.c.h; path = FMDBHelper.h; sourceTree = "<group>"; };
		7B4833151F332568008B57F5 /* FMDBHelper.m */ = {isa = PBXFileReference; fileEncoding = 4; lastKnownFileType = sourcecode.c.objc; path = FMDBHelper.m; sourceTree = "<group>"; };
		7B4833161F332568008B57F5 /* FMResultSet.h */ = {isa = PBXFileReference; fileEncoding = 4; lastKnownFileType = sourcecode.c.h; path = FMResultSet.h; sourceTree = "<group>"; };
		7B4833171F332568008B57F5 /* FMResultSet.m */ = {isa = PBXFileReference; fileEncoding = 4; lastKnownFileType = sourcecode.c.objc; path = FMResultSet.m; sourceTree = "<group>"; };
		7B48331E1F332573008B57F5 /* libsqlite3.0.tbd */ = {isa = PBXFileReference; lastKnownFileType = "sourcecode.text-based-dylib-definition"; name = libsqlite3.0.tbd; path = usr/lib/libsqlite3.0.tbd; sourceTree = SDKROOT; };
		7B5668951F28D29D000AB99D /* HomeTopic.swift */ = {isa = PBXFileReference; fileEncoding = 4; lastKnownFileType = sourcecode.swift; path = HomeTopic.swift; sourceTree = "<group>"; };
		7B5668B41F28D772000AB99D /* JsonModelTool.swift */ = {isa = PBXFileReference; fileEncoding = 4; lastKnownFileType = sourcecode.swift; path = JsonModelTool.swift; sourceTree = "<group>"; };
		7B5668DA1F3020D5000AB99D /* Alamofire.xcodeproj */ = {isa = PBXFileReference; lastKnownFileType = "wrapper.pb-project"; name = Alamofire.xcodeproj; path = "Alamofire-master 2/Alamofire.xcodeproj"; sourceTree = "<group>"; };
		7B5669181F3056DC000AB99D /* Reachability.swift */ = {isa = PBXFileReference; fileEncoding = 4; lastKnownFileType = sourcecode.swift; path = Reachability.swift; sourceTree = "<group>"; };
		7B56691C1F30589D000AB99D /* SystemConfiguration.framework */ = {isa = PBXFileReference; lastKnownFileType = wrapper.framework; name = SystemConfiguration.framework; path = System/Library/Frameworks/SystemConfiguration.framework; sourceTree = SDKROOT; };
		7B56691E1F305A90000AB99D /* XLReachability.swift */ = {isa = PBXFileReference; fileEncoding = 4; lastKnownFileType = sourcecode.swift; path = XLReachability.swift; sourceTree = "<group>"; };
		9018838A1EF0E4E300B0A12C /* HomeViewController.swift */ = {isa = PBXFileReference; fileEncoding = 4; lastKnownFileType = sourcecode.swift; path = HomeViewController.swift; sourceTree = "<group>"; };
		902814121F2EC60800839E8B /* DDLogonViewController.swift */ = {isa = PBXFileReference; fileEncoding = 4; lastKnownFileType = sourcecode.swift; path = DDLogonViewController.swift; sourceTree = "<group>"; };
		9028141B1F2EC7E600839E8B /* DDWebViewController.swift */ = {isa = PBXFileReference; fileEncoding = 4; lastKnownFileType = sourcecode.swift; path = DDWebViewController.swift; sourceTree = "<group>"; };
		903DFED01F25E4B300CFC8C5 /* MyNavigationController.swift */ = {isa = PBXFileReference; fileEncoding = 4; lastKnownFileType = sourcecode.swift; path = MyNavigationController.swift; sourceTree = "<group>"; };
		903DFED11F25E4B300CFC8C5 /* MyTabBarController.swift */ = {isa = PBXFileReference; fileEncoding = 4; lastKnownFileType = sourcecode.swift; path = MyTabBarController.swift; sourceTree = "<group>"; };
		903DFED51F25F62C00CFC8C5 /* ScreenTool.swift */ = {isa = PBXFileReference; fileEncoding = 4; lastKnownFileType = sourcecode.swift; path = ScreenTool.swift; sourceTree = "<group>"; };
		903DFED71F25F62C00CFC8C5 /* AnimationTool.swift */ = {isa = PBXFileReference; fileEncoding = 4; lastKnownFileType = sourcecode.swift; path = AnimationTool.swift; sourceTree = "<group>"; };
		903DFED81F25F62C00CFC8C5 /* UIView+Extension.swift */ = {isa = PBXFileReference; fileEncoding = 4; lastKnownFileType = sourcecode.swift; path = "UIView+Extension.swift"; sourceTree = "<group>"; };
		903DFEDC1F25F7FB00CFC8C5 /* XLTopHomeView.swift */ = {isa = PBXFileReference; fileEncoding = 4; lastKnownFileType = sourcecode.swift; path = XLTopHomeView.swift; sourceTree = "<group>"; };
		903DFEE01F26EADE00CFC8C5 /* LICENSE */ = {isa = PBXFileReference; fileEncoding = 4; lastKnownFileType = text; path = LICENSE; sourceTree = "<group>"; };
		903DFEE11F26EADE00CFC8C5 /* README.md */ = {isa = PBXFileReference; fileEncoding = 4; lastKnownFileType = net.daringfireball.markdown; path = README.md; sourceTree = "<group>"; };
		903DFEE31F26EADE00CFC8C5 /* Constraint.swift */ = {isa = PBXFileReference; fileEncoding = 4; lastKnownFileType = sourcecode.swift; path = Constraint.swift; sourceTree = "<group>"; };
		903DFEE41F26EADE00CFC8C5 /* ConstraintAttributes.swift */ = {isa = PBXFileReference; fileEncoding = 4; lastKnownFileType = sourcecode.swift; path = ConstraintAttributes.swift; sourceTree = "<group>"; };
		903DFEE51F26EADE00CFC8C5 /* ConstraintConfig.swift */ = {isa = PBXFileReference; fileEncoding = 4; lastKnownFileType = sourcecode.swift; path = ConstraintConfig.swift; sourceTree = "<group>"; };
		903DFEE61F26EADE00CFC8C5 /* ConstraintConstantTarget.swift */ = {isa = PBXFileReference; fileEncoding = 4; lastKnownFileType = sourcecode.swift; path = ConstraintConstantTarget.swift; sourceTree = "<group>"; };
		903DFEE71F26EADE00CFC8C5 /* ConstraintDescription.swift */ = {isa = PBXFileReference; fileEncoding = 4; lastKnownFileType = sourcecode.swift; path = ConstraintDescription.swift; sourceTree = "<group>"; };
		903DFEE81F26EADE00CFC8C5 /* ConstraintDSL.swift */ = {isa = PBXFileReference; fileEncoding = 4; lastKnownFileType = sourcecode.swift; path = ConstraintDSL.swift; sourceTree = "<group>"; };
		903DFEE91F26EADE00CFC8C5 /* ConstraintInsets.swift */ = {isa = PBXFileReference; fileEncoding = 4; lastKnownFileType = sourcecode.swift; path = ConstraintInsets.swift; sourceTree = "<group>"; };
		903DFEEA1F26EADE00CFC8C5 /* ConstraintInsetTarget.swift */ = {isa = PBXFileReference; fileEncoding = 4; lastKnownFileType = sourcecode.swift; path = ConstraintInsetTarget.swift; sourceTree = "<group>"; };
		903DFEEB1F26EADE00CFC8C5 /* ConstraintItem.swift */ = {isa = PBXFileReference; fileEncoding = 4; lastKnownFileType = sourcecode.swift; path = ConstraintItem.swift; sourceTree = "<group>"; };
		903DFEEC1F26EADE00CFC8C5 /* ConstraintLayoutGuide+Extensions.swift */ = {isa = PBXFileReference; fileEncoding = 4; lastKnownFileType = sourcecode.swift; path = "ConstraintLayoutGuide+Extensions.swift"; sourceTree = "<group>"; };
		903DFEED1F26EADE00CFC8C5 /* ConstraintLayoutGuide.swift */ = {isa = PBXFileReference; fileEncoding = 4; lastKnownFileType = sourcecode.swift; path = ConstraintLayoutGuide.swift; sourceTree = "<group>"; };
		903DFEEE1F26EADE00CFC8C5 /* ConstraintLayoutGuideDSL.swift */ = {isa = PBXFileReference; fileEncoding = 4; lastKnownFileType = sourcecode.swift; path = ConstraintLayoutGuideDSL.swift; sourceTree = "<group>"; };
		903DFEEF1F26EADE00CFC8C5 /* ConstraintLayoutSupport.swift */ = {isa = PBXFileReference; fileEncoding = 4; lastKnownFileType = sourcecode.swift; path = ConstraintLayoutSupport.swift; sourceTree = "<group>"; };
		903DFEF01F26EADE00CFC8C5 /* ConstraintLayoutSupportDSL.swift */ = {isa = PBXFileReference; fileEncoding = 4; lastKnownFileType = sourcecode.swift; path = ConstraintLayoutSupportDSL.swift; sourceTree = "<group>"; };
		903DFEF11F26EADE00CFC8C5 /* ConstraintMaker.swift */ = {isa = PBXFileReference; fileEncoding = 4; lastKnownFileType = sourcecode.swift; path = ConstraintMaker.swift; sourceTree = "<group>"; };
		903DFEF21F26EADE00CFC8C5 /* ConstraintMakerEditable.swift */ = {isa = PBXFileReference; fileEncoding = 4; lastKnownFileType = sourcecode.swift; path = ConstraintMakerEditable.swift; sourceTree = "<group>"; };
		903DFEF31F26EADE00CFC8C5 /* ConstraintMakerExtendable.swift */ = {isa = PBXFileReference; fileEncoding = 4; lastKnownFileType = sourcecode.swift; path = ConstraintMakerExtendable.swift; sourceTree = "<group>"; };
		903DFEF41F26EADE00CFC8C5 /* ConstraintMakerFinalizable.swift */ = {isa = PBXFileReference; fileEncoding = 4; lastKnownFileType = sourcecode.swift; path = ConstraintMakerFinalizable.swift; sourceTree = "<group>"; };
		903DFEF51F26EADE00CFC8C5 /* ConstraintMakerPriortizable.swift */ = {isa = PBXFileReference; fileEncoding = 4; lastKnownFileType = sourcecode.swift; path = ConstraintMakerPriortizable.swift; sourceTree = "<group>"; };
		903DFEF61F26EADE00CFC8C5 /* ConstraintMakerRelatable.swift */ = {isa = PBXFileReference; fileEncoding = 4; lastKnownFileType = sourcecode.swift; path = ConstraintMakerRelatable.swift; sourceTree = "<group>"; };
		903DFEF71F26EADE00CFC8C5 /* ConstraintMultiplierTarget.swift */ = {isa = PBXFileReference; fileEncoding = 4; lastKnownFileType = sourcecode.swift; path = ConstraintMultiplierTarget.swift; sourceTree = "<group>"; };
		903DFEF81F26EADE00CFC8C5 /* ConstraintOffsetTarget.swift */ = {isa = PBXFileReference; fileEncoding = 4; lastKnownFileType = sourcecode.swift; path = ConstraintOffsetTarget.swift; sourceTree = "<group>"; };
		903DFEF91F26EADE00CFC8C5 /* ConstraintPriority.swift */ = {isa = PBXFileReference; fileEncoding = 4; lastKnownFileType = sourcecode.swift; path = ConstraintPriority.swift; sourceTree = "<group>"; };
		903DFEFA1F26EADE00CFC8C5 /* ConstraintPriorityTarget.swift */ = {isa = PBXFileReference; fileEncoding = 4; lastKnownFileType = sourcecode.swift; path = ConstraintPriorityTarget.swift; sourceTree = "<group>"; };
		903DFEFB1F26EADE00CFC8C5 /* ConstraintRelatableTarget.swift */ = {isa = PBXFileReference; fileEncoding = 4; lastKnownFileType = sourcecode.swift; path = ConstraintRelatableTarget.swift; sourceTree = "<group>"; };
		903DFEFC1F26EADE00CFC8C5 /* ConstraintRelation.swift */ = {isa = PBXFileReference; fileEncoding = 4; lastKnownFileType = sourcecode.swift; path = ConstraintRelation.swift; sourceTree = "<group>"; };
		903DFEFD1F26EADE00CFC8C5 /* ConstraintView+Extensions.swift */ = {isa = PBXFileReference; fileEncoding = 4; lastKnownFileType = sourcecode.swift; path = "ConstraintView+Extensions.swift"; sourceTree = "<group>"; };
		903DFEFE1F26EADE00CFC8C5 /* ConstraintView.swift */ = {isa = PBXFileReference; fileEncoding = 4; lastKnownFileType = sourcecode.swift; path = ConstraintView.swift; sourceTree = "<group>"; };
		903DFEFF1F26EADE00CFC8C5 /* ConstraintViewDSL.swift */ = {isa = PBXFileReference; fileEncoding = 4; lastKnownFileType = sourcecode.swift; path = ConstraintViewDSL.swift; sourceTree = "<group>"; };
		903DFF001F26EADE00CFC8C5 /* Debugging.swift */ = {isa = PBXFileReference; fileEncoding = 4; lastKnownFileType = sourcecode.swift; path = Debugging.swift; sourceTree = "<group>"; };
		903DFF011F26EADE00CFC8C5 /* LayoutConstraint.swift */ = {isa = PBXFileReference; fileEncoding = 4; lastKnownFileType = sourcecode.swift; path = LayoutConstraint.swift; sourceTree = "<group>"; };
		903DFF021F26EADE00CFC8C5 /* LayoutConstraintItem.swift */ = {isa = PBXFileReference; fileEncoding = 4; lastKnownFileType = sourcecode.swift; path = LayoutConstraintItem.swift; sourceTree = "<group>"; };
		903DFF031F26EADE00CFC8C5 /* UILayoutSupport+Extensions.swift */ = {isa = PBXFileReference; fileEncoding = 4; lastKnownFileType = sourcecode.swift; path = "UILayoutSupport+Extensions.swift"; sourceTree = "<group>"; };
		903DFF271F26F06F00CFC8C5 /* HomeNewsCell.swift */ = {isa = PBXFileReference; fileEncoding = 4; lastKnownFileType = sourcecode.swift; path = HomeNewsCell.swift; sourceTree = "<group>"; };
		903DFF511F2841F400CFC8C5 /* XLNetWorkTool.swift */ = {isa = PBXFileReference; fileEncoding = 4; lastKnownFileType = sourcecode.swift; path = XLNetWorkTool.swift; sourceTree = "<group>"; };
		903DFFA21F2891AC00CFC8C5 /* LICENSE */ = {isa = PBXFileReference; fileEncoding = 4; lastKnownFileType = text; path = LICENSE; sourceTree = "<group>"; };
		903DFFA31F2891AC00CFC8C5 /* README.md */ = {isa = PBXFileReference; fileEncoding = 4; lastKnownFileType = net.daringfireball.markdown; path = README.md; sourceTree = "<group>"; };
		903DFFA51F2891AC00CFC8C5 /* AnimatedImageView.swift */ = {isa = PBXFileReference; fileEncoding = 4; lastKnownFileType = sourcecode.swift; path = AnimatedImageView.swift; sourceTree = "<group>"; };
		903DFFA61F2891AC00CFC8C5 /* Box.swift */ = {isa = PBXFileReference; fileEncoding = 4; lastKnownFileType = sourcecode.swift; path = Box.swift; sourceTree = "<group>"; };
		903DFFA71F2891AC00CFC8C5 /* CacheSerializer.swift */ = {isa = PBXFileReference; fileEncoding = 4; lastKnownFileType = sourcecode.swift; path = CacheSerializer.swift; sourceTree = "<group>"; };
		903DFFA81F2891AC00CFC8C5 /* Filter.swift */ = {isa = PBXFileReference; fileEncoding = 4; lastKnownFileType = sourcecode.swift; path = Filter.swift; sourceTree = "<group>"; };
		903DFFA91F2891AC00CFC8C5 /* FormatIndicatedCacheSerializer.swift */ = {isa = PBXFileReference; fileEncoding = 4; lastKnownFileType = sourcecode.swift; path = FormatIndicatedCacheSerializer.swift; sourceTree = "<group>"; };
		903DFFAA1F2891AC00CFC8C5 /* Image.swift */ = {isa = PBXFileReference; fileEncoding = 4; lastKnownFileType = sourcecode.swift; path = Image.swift; sourceTree = "<group>"; };
		903DFFAB1F2891AC00CFC8C5 /* ImageCache.swift */ = {isa = PBXFileReference; fileEncoding = 4; lastKnownFileType = sourcecode.swift; path = ImageCache.swift; sourceTree = "<group>"; };
		903DFFAC1F2891AC00CFC8C5 /* ImageDownloader.swift */ = {isa = PBXFileReference; fileEncoding = 4; lastKnownFileType = sourcecode.swift; path = ImageDownloader.swift; sourceTree = "<group>"; };
		903DFFAD1F2891AC00CFC8C5 /* ImagePrefetcher.swift */ = {isa = PBXFileReference; fileEncoding = 4; lastKnownFileType = sourcecode.swift; path = ImagePrefetcher.swift; sourceTree = "<group>"; };
		903DFFAE1F2891AC00CFC8C5 /* ImageProcessor.swift */ = {isa = PBXFileReference; fileEncoding = 4; lastKnownFileType = sourcecode.swift; path = ImageProcessor.swift; sourceTree = "<group>"; };
		903DFFAF1F2891AC00CFC8C5 /* ImageTransition.swift */ = {isa = PBXFileReference; fileEncoding = 4; lastKnownFileType = sourcecode.swift; path = ImageTransition.swift; sourceTree = "<group>"; };
		903DFFB01F2891AC00CFC8C5 /* ImageView+Kingfisher.swift */ = {isa = PBXFileReference; fileEncoding = 4; lastKnownFileType = sourcecode.swift; path = "ImageView+Kingfisher.swift"; sourceTree = "<group>"; };
		903DFFB11F2891AC00CFC8C5 /* Indicator.swift */ = {isa = PBXFileReference; fileEncoding = 4; lastKnownFileType = sourcecode.swift; path = Indicator.swift; sourceTree = "<group>"; };
		903DFFB21F2891AC00CFC8C5 /* Kingfisher.h */ = {isa = PBXFileReference; fileEncoding = 4; lastKnownFileType = sourcecode.c.h; path = Kingfisher.h; sourceTree = "<group>"; };
		903DFFB31F2891AC00CFC8C5 /* Kingfisher.swift */ = {isa = PBXFileReference; fileEncoding = 4; lastKnownFileType = sourcecode.swift; path = Kingfisher.swift; sourceTree = "<group>"; };
		903DFFB41F2891AC00CFC8C5 /* KingfisherManager.swift */ = {isa = PBXFileReference; fileEncoding = 4; lastKnownFileType = sourcecode.swift; path = KingfisherManager.swift; sourceTree = "<group>"; };
		903DFFB51F2891AC00CFC8C5 /* KingfisherOptionsInfo.swift */ = {isa = PBXFileReference; fileEncoding = 4; lastKnownFileType = sourcecode.swift; path = KingfisherOptionsInfo.swift; sourceTree = "<group>"; };
		903DFFB61F2891AC00CFC8C5 /* RequestModifier.swift */ = {isa = PBXFileReference; fileEncoding = 4; lastKnownFileType = sourcecode.swift; path = RequestModifier.swift; sourceTree = "<group>"; };
		903DFFB71F2891AC00CFC8C5 /* Resource.swift */ = {isa = PBXFileReference; fileEncoding = 4; lastKnownFileType = sourcecode.swift; path = Resource.swift; sourceTree = "<group>"; };
		903DFFB81F2891AC00CFC8C5 /* String+MD5.swift */ = {isa = PBXFileReference; fileEncoding = 4; lastKnownFileType = sourcecode.swift; path = "String+MD5.swift"; sourceTree = "<group>"; };
		903DFFB91F2891AC00CFC8C5 /* ThreadHelper.swift */ = {isa = PBXFileReference; fileEncoding = 4; lastKnownFileType = sourcecode.swift; path = ThreadHelper.swift; sourceTree = "<group>"; };
		903DFFBA1F2891AC00CFC8C5 /* UIButton+Kingfisher.swift */ = {isa = PBXFileReference; fileEncoding = 4; lastKnownFileType = sourcecode.swift; path = "UIButton+Kingfisher.swift"; sourceTree = "<group>"; };
		903DFFBC1F2891AC00CFC8C5 /* LICENSE */ = {isa = PBXFileReference; fileEncoding = 4; lastKnownFileType = text; path = LICENSE; sourceTree = "<group>"; };
		903DFFBD1F2891AC00CFC8C5 /* README.md */ = {isa = PBXFileReference; fileEncoding = 4; lastKnownFileType = net.daringfireball.markdown; path = README.md; sourceTree = "<group>"; };
		903DFFBF1F2891AC00CFC8C5 /* SwiftyJSON.swift */ = {isa = PBXFileReference; fileEncoding = 4; lastKnownFileType = sourcecode.swift; path = SwiftyJSON.swift; sourceTree = "<group>"; };
		90BE3C8D1F2AE1E50012A528 /* DDLoginViewController.swift */ = {isa = PBXFileReference; fileEncoding = 4; lastKnownFileType = sourcecode.swift; path = DDLoginViewController.swift; sourceTree = "<group>"; };
		90BE3C931F2B22380012A528 /* LICENSE.txt */ = {isa = PBXFileReference; fileEncoding = 4; lastKnownFileType = text; path = LICENSE.txt; sourceTree = "<group>"; };
		90BE3C941F2B22380012A528 /* README.md */ = {isa = PBXFileReference; fileEncoding = 4; lastKnownFileType = net.daringfireball.markdown; path = README.md; sourceTree = "<group>"; };
		90BE3C961F2B22390012A528 /* SVIndefiniteAnimatedView.h */ = {isa = PBXFileReference; fileEncoding = 4; lastKnownFileType = sourcecode.c.h; path = SVIndefiniteAnimatedView.h; sourceTree = "<group>"; };
		90BE3C971F2B22390012A528 /* SVIndefiniteAnimatedView.m */ = {isa = PBXFileReference; fileEncoding = 4; lastKnownFileType = sourcecode.c.objc; path = SVIndefiniteAnimatedView.m; sourceTree = "<group>"; };
		90BE3C981F2B22390012A528 /* SVProgressHUD.bundle */ = {isa = PBXFileReference; lastKnownFileType = "wrapper.plug-in"; path = SVProgressHUD.bundle; sourceTree = "<group>"; };
		90BE3C991F2B22390012A528 /* SVProgressHUD.h */ = {isa = PBXFileReference; fileEncoding = 4; lastKnownFileType = sourcecode.c.h; path = SVProgressHUD.h; sourceTree = "<group>"; };
		90BE3C9A1F2B22390012A528 /* SVProgressHUD.m */ = {isa = PBXFileReference; fileEncoding = 4; lastKnownFileType = sourcecode.c.objc; path = SVProgressHUD.m; sourceTree = "<group>"; };
		90BE3CA61F2B25EE0012A528 /* swift_dev-Brdging-Header.h */ = {isa = PBXFileReference; lastKnownFileType = sourcecode.c.h; path = "swift_dev-Brdging-Header.h"; sourceTree = "<group>"; };
		90BE3CA71F2B30350012A528 /* DetaileViewController.swift */ = {isa = PBXFileReference; fileEncoding = 4; lastKnownFileType = sourcecode.swift; path = DetaileViewController.swift; sourceTree = "<group>"; };
		90F94BA21EEA812900E1F8D2 /* swift_dev.app */ = {isa = PBXFileReference; explicitFileType = wrapper.application; includeInIndex = 0; path = swift_dev.app; sourceTree = BUILT_PRODUCTS_DIR; };
		90F94BAC1EEA812900E1F8D2 /* Assets.xcassets */ = {isa = PBXFileReference; lastKnownFileType = folder.assetcatalog; path = Assets.xcassets; sourceTree = "<group>"; };
		90F94BBC1EEA842900E1F8D2 /* AppDelegate.swift */ = {isa = PBXFileReference; fileEncoding = 4; lastKnownFileType = sourcecode.swift; path = AppDelegate.swift; sourceTree = "<group>"; };
		90F94BBD1EEA842900E1F8D2 /* LaunchScreen.storyboard */ = {isa = PBXFileReference; fileEncoding = 4; lastKnownFileType = file.storyboard; path = LaunchScreen.storyboard; sourceTree = "<group>"; };
		90F94BBE1EEA842900E1F8D2 /* Main.storyboard */ = {isa = PBXFileReference; fileEncoding = 4; lastKnownFileType = file.storyboard; path = Main.storyboard; sourceTree = "<group>"; };
		90F94BBF1EEA842900E1F8D2 /* ViewController.swift */ = {isa = PBXFileReference; fileEncoding = 4; lastKnownFileType = sourcecode.swift; path = ViewController.swift; sourceTree = "<group>"; };
		90F94BC61EEA84B900E1F8D2 /* Info.plist */ = {isa = PBXFileReference; fileEncoding = 4; lastKnownFileType = text.plist.xml; path = Info.plist; sourceTree = "<group>"; };
		90FEA7171F2EDA4E00FC3F45 /* MJRefreshAutoFooter.h */ = {isa = PBXFileReference; fileEncoding = 4; lastKnownFileType = sourcecode.c.h; path = MJRefreshAutoFooter.h; sourceTree = "<group>"; };
		90FEA7181F2EDA4E00FC3F45 /* MJRefreshAutoFooter.m */ = {isa = PBXFileReference; fileEncoding = 4; lastKnownFileType = sourcecode.c.objc; path = MJRefreshAutoFooter.m; sourceTree = "<group>"; };
		90FEA7191F2EDA4E00FC3F45 /* MJRefreshBackFooter.h */ = {isa = PBXFileReference; fileEncoding = 4; lastKnownFileType = sourcecode.c.h; path = MJRefreshBackFooter.h; sourceTree = "<group>"; };
		90FEA71A1F2EDA4E00FC3F45 /* MJRefreshBackFooter.m */ = {isa = PBXFileReference; fileEncoding = 4; lastKnownFileType = sourcecode.c.objc; path = MJRefreshBackFooter.m; sourceTree = "<group>"; };
		90FEA71B1F2EDA4E00FC3F45 /* MJRefreshComponent.h */ = {isa = PBXFileReference; fileEncoding = 4; lastKnownFileType = sourcecode.c.h; path = MJRefreshComponent.h; sourceTree = "<group>"; };
		90FEA71C1F2EDA4E00FC3F45 /* MJRefreshComponent.m */ = {isa = PBXFileReference; fileEncoding = 4; lastKnownFileType = sourcecode.c.objc; path = MJRefreshComponent.m; sourceTree = "<group>"; };
		90FEA71D1F2EDA4E00FC3F45 /* MJRefreshFooter.h */ = {isa = PBXFileReference; fileEncoding = 4; lastKnownFileType = sourcecode.c.h; path = MJRefreshFooter.h; sourceTree = "<group>"; };
		90FEA71E1F2EDA4E00FC3F45 /* MJRefreshFooter.m */ = {isa = PBXFileReference; fileEncoding = 4; lastKnownFileType = sourcecode.c.objc; path = MJRefreshFooter.m; sourceTree = "<group>"; };
		90FEA71F1F2EDA4E00FC3F45 /* MJRefreshHeader.h */ = {isa = PBXFileReference; fileEncoding = 4; lastKnownFileType = sourcecode.c.h; path = MJRefreshHeader.h; sourceTree = "<group>"; };
		90FEA7201F2EDA4E00FC3F45 /* MJRefreshHeader.m */ = {isa = PBXFileReference; fileEncoding = 4; lastKnownFileType = sourcecode.c.objc; path = MJRefreshHeader.m; sourceTree = "<group>"; };
		90FEA7241F2EDA4E00FC3F45 /* MJRefreshAutoGifFooter.h */ = {isa = PBXFileReference; fileEncoding = 4; lastKnownFileType = sourcecode.c.h; path = MJRefreshAutoGifFooter.h; sourceTree = "<group>"; };
		90FEA7251F2EDA4E00FC3F45 /* MJRefreshAutoGifFooter.m */ = {isa = PBXFileReference; fileEncoding = 4; lastKnownFileType = sourcecode.c.objc; path = MJRefreshAutoGifFooter.m; sourceTree = "<group>"; };
		90FEA7261F2EDA4E00FC3F45 /* MJRefreshAutoNormalFooter.h */ = {isa = PBXFileReference; fileEncoding = 4; lastKnownFileType = sourcecode.c.h; path = MJRefreshAutoNormalFooter.h; sourceTree = "<group>"; };
		90FEA7271F2EDA4E00FC3F45 /* MJRefreshAutoNormalFooter.m */ = {isa = PBXFileReference; fileEncoding = 4; lastKnownFileType = sourcecode.c.objc; path = MJRefreshAutoNormalFooter.m; sourceTree = "<group>"; };
		90FEA7281F2EDA4E00FC3F45 /* MJRefreshAutoStateFooter.h */ = {isa = PBXFileReference; fileEncoding = 4; lastKnownFileType = sourcecode.c.h; path = MJRefreshAutoStateFooter.h; sourceTree = "<group>"; };
		90FEA7291F2EDA4E00FC3F45 /* MJRefreshAutoStateFooter.m */ = {isa = PBXFileReference; fileEncoding = 4; lastKnownFileType = sourcecode.c.objc; path = MJRefreshAutoStateFooter.m; sourceTree = "<group>"; };
		90FEA72B1F2EDA4E00FC3F45 /* MJRefreshBackGifFooter.h */ = {isa = PBXFileReference; fileEncoding = 4; lastKnownFileType = sourcecode.c.h; path = MJRefreshBackGifFooter.h; sourceTree = "<group>"; };
		90FEA72C1F2EDA4E00FC3F45 /* MJRefreshBackGifFooter.m */ = {isa = PBXFileReference; fileEncoding = 4; lastKnownFileType = sourcecode.c.objc; path = MJRefreshBackGifFooter.m; sourceTree = "<group>"; };
		90FEA72D1F2EDA4E00FC3F45 /* MJRefreshBackNormalFooter.h */ = {isa = PBXFileReference; fileEncoding = 4; lastKnownFileType = sourcecode.c.h; path = MJRefreshBackNormalFooter.h; sourceTree = "<group>"; };
		90FEA72E1F2EDA4E00FC3F45 /* MJRefreshBackNormalFooter.m */ = {isa = PBXFileReference; fileEncoding = 4; lastKnownFileType = sourcecode.c.objc; path = MJRefreshBackNormalFooter.m; sourceTree = "<group>"; };
		90FEA72F1F2EDA4E00FC3F45 /* MJRefreshBackStateFooter.h */ = {isa = PBXFileReference; fileEncoding = 4; lastKnownFileType = sourcecode.c.h; path = MJRefreshBackStateFooter.h; sourceTree = "<group>"; };
		90FEA7301F2EDA4E00FC3F45 /* MJRefreshBackStateFooter.m */ = {isa = PBXFileReference; fileEncoding = 4; lastKnownFileType = sourcecode.c.objc; path = MJRefreshBackStateFooter.m; sourceTree = "<group>"; };
		90FEA7321F2EDA4E00FC3F45 /* MJRefreshGifHeader.h */ = {isa = PBXFileReference; fileEncoding = 4; lastKnownFileType = sourcecode.c.h; path = MJRefreshGifHeader.h; sourceTree = "<group>"; };
		90FEA7331F2EDA4E00FC3F45 /* MJRefreshGifHeader.m */ = {isa = PBXFileReference; fileEncoding = 4; lastKnownFileType = sourcecode.c.objc; path = MJRefreshGifHeader.m; sourceTree = "<group>"; };
		90FEA7341F2EDA4E00FC3F45 /* MJRefreshNormalHeader.h */ = {isa = PBXFileReference; fileEncoding = 4; lastKnownFileType = sourcecode.c.h; path = MJRefreshNormalHeader.h; sourceTree = "<group>"; };
		90FEA7351F2EDA4E00FC3F45 /* MJRefreshNormalHeader.m */ = {isa = PBXFileReference; fileEncoding = 4; lastKnownFileType = sourcecode.c.objc; path = MJRefreshNormalHeader.m; sourceTree = "<group>"; };
		90FEA7361F2EDA4E00FC3F45 /* MJRefreshStateHeader.h */ = {isa = PBXFileReference; fileEncoding = 4; lastKnownFileType = sourcecode.c.h; path = MJRefreshStateHeader.h; sourceTree = "<group>"; };
		90FEA7371F2EDA4E00FC3F45 /* MJRefreshStateHeader.m */ = {isa = PBXFileReference; fileEncoding = 4; lastKnownFileType = sourcecode.c.objc; path = MJRefreshStateHeader.m; sourceTree = "<group>"; };
		90FEA7381F2EDA4E00FC3F45 /* MJRefresh.bundle */ = {isa = PBXFileReference; lastKnownFileType = "wrapper.plug-in"; path = MJRefresh.bundle; sourceTree = "<group>"; };
		90FEA7391F2EDA4E00FC3F45 /* MJRefresh.h */ = {isa = PBXFileReference; fileEncoding = 4; lastKnownFileType = sourcecode.c.h; path = MJRefresh.h; sourceTree = "<group>"; };
		90FEA73A1F2EDA4E00FC3F45 /* MJRefreshConst.h */ = {isa = PBXFileReference; fileEncoding = 4; lastKnownFileType = sourcecode.c.h; path = MJRefreshConst.h; sourceTree = "<group>"; };
		90FEA73B1F2EDA4E00FC3F45 /* MJRefreshConst.m */ = {isa = PBXFileReference; fileEncoding = 4; lastKnownFileType = sourcecode.c.objc; path = MJRefreshConst.m; sourceTree = "<group>"; };
		90FEA73C1F2EDA4E00FC3F45 /* NSBundle+MJRefresh.h */ = {isa = PBXFileReference; fileEncoding = 4; lastKnownFileType = sourcecode.c.h; path = "NSBundle+MJRefresh.h"; sourceTree = "<group>"; };
		90FEA73D1F2EDA4E00FC3F45 /* NSBundle+MJRefresh.m */ = {isa = PBXFileReference; fileEncoding = 4; lastKnownFileType = sourcecode.c.objc; path = "NSBundle+MJRefresh.m"; sourceTree = "<group>"; };
		90FEA73E1F2EDA4E00FC3F45 /* UIScrollView+MJExtension.h */ = {isa = PBXFileReference; fileEncoding = 4; lastKnownFileType = sourcecode.c.h; path = "UIScrollView+MJExtension.h"; sourceTree = "<group>"; };
		90FEA73F1F2EDA4E00FC3F45 /* UIScrollView+MJExtension.m */ = {isa = PBXFileReference; fileEncoding = 4; lastKnownFileType = sourcecode.c.objc; path = "UIScrollView+MJExtension.m"; sourceTree = "<group>"; };
		90FEA7401F2EDA4E00FC3F45 /* UIScrollView+MJRefresh.h */ = {isa = PBXFileReference; fileEncoding = 4; lastKnownFileType = sourcecode.c.h; path = "UIScrollView+MJRefresh.h"; sourceTree = "<group>"; };
		90FEA7411F2EDA4E00FC3F45 /* UIScrollView+MJRefresh.m */ = {isa = PBXFileReference; fileEncoding = 4; lastKnownFileType = sourcecode.c.objc; path = "UIScrollView+MJRefresh.m"; sourceTree = "<group>"; };
		90FEA7421F2EDA4E00FC3F45 /* UIView+MJExtension.h */ = {isa = PBXFileReference; fileEncoding = 4; lastKnownFileType = sourcecode.c.h; path = "UIView+MJExtension.h"; sourceTree = "<group>"; };
		90FEA7431F2EDA4E00FC3F45 /* UIView+MJExtension.m */ = {isa = PBXFileReference; fileEncoding = 4; lastKnownFileType = sourcecode.c.objc; path = "UIView+MJExtension.m"; sourceTree = "<group>"; };
		90FEA7581F2F115F00FC3F45 /* DDSearchViewController.swift */ = {isa = PBXFileReference; fileEncoding = 4; lastKnownFileType = sourcecode.swift; path = DDSearchViewController.swift; sourceTree = "<group>"; };
/* End PBXFileReference section */

/* Begin PBXFrameworksBuildPhase section */
		90F94B9F1EEA812900E1F8D2 /* Frameworks */ = {
			isa = PBXFrameworksBuildPhase;
			buildActionMask = 2147483647;
			files = (
				7B48331F1F332573008B57F5 /* libsqlite3.0.tbd in Frameworks */,
				7B56691D1F30589D000AB99D /* SystemConfiguration.framework in Frameworks */,
				7B5669111F30213C000AB99D /* Alamofire.framework in Frameworks */,
			);
			runOnlyForDeploymentPostprocessing = 0;
		};
/* End PBXFrameworksBuildPhase section */

/* Begin PBXGroup section */
		7B0FB9861F31761F00BEB81E /* Mine */ = {
			isa = PBXGroup;
			children = (
				7B0FB9871F31761F00BEB81E /* Models */,
				7B0FB9881F31761F00BEB81E /* ViewControllers */,
				7B0FB9891F31761F00BEB81E /* Views */,
			);
			path = Mine;
			sourceTree = "<group>";
		};
		7B0FB9871F31761F00BEB81E /* Models */ = {
			isa = PBXGroup;
			children = (
				7B4832FE1F32C5FD008B57F5 /* StaicCellModel.swift */,
			);
			path = Models;
			sourceTree = "<group>";
		};
		7B0FB9881F31761F00BEB81E /* ViewControllers */ = {
			isa = PBXGroup;
			children = (
				7B0FB98A1F31765A00BEB81E /* MineViewController.swift */,
			);
			path = ViewControllers;
			sourceTree = "<group>";
		};
		7B0FB9891F31761F00BEB81E /* Views */ = {
			isa = PBXGroup;
			children = (
				7B0FB98C1F31768F00BEB81E /* HeaderCell.swift */,
				7B0FB98E1F3176DB00BEB81E /* MineStaicCell.swift */,
				7B0FB98F1F3176DB00BEB81E /* MineStaicCell.xib */,
			);
			path = Views;
			sourceTree = "<group>";
		};
		7B48330A1F332568008B57F5 /* fmdb */ = {
			isa = PBXGroup;
			children = (
				7B48330B1F332568008B57F5 /* FMDatabase.h */,
				7B48330C1F332568008B57F5 /* FMDatabase.m */,
				7B48330D1F332568008B57F5 /* FMDatabaseAdditions.h */,
				7B48330E1F332568008B57F5 /* FMDatabaseAdditions.m */,
				7B48330F1F332568008B57F5 /* FMDatabasePool.h */,
				7B4833101F332568008B57F5 /* FMDatabasePool.m */,
				7B4833111F332568008B57F5 /* FMDatabaseQueue.h */,
				7B4833121F332568008B57F5 /* FMDatabaseQueue.m */,
				7B4833131F332568008B57F5 /* FMDB.h */,
				7B4833141F332568008B57F5 /* FMDBHelper.h */,
				7B4833151F332568008B57F5 /* FMDBHelper.m */,
				7B4833161F332568008B57F5 /* FMResultSet.h */,
				7B4833171F332568008B57F5 /* FMResultSet.m */,
			);
			path = fmdb;
			sourceTree = "<group>";
		};
		7B5668941F28D292000AB99D /* Models */ = {
			isa = PBXGroup;
			children = (
				7B5668951F28D29D000AB99D /* HomeTopic.swift */,
			);
			path = Models;
			sourceTree = "<group>";
		};
		7B5668DB1F3020D5000AB99D /* Products */ = {
			isa = PBXGroup;
			children = (
				7B5669041F30213C000AB99D /* Alamofire.framework */,
				7B0FB97B1F3175D300BEB81E /* Alamofire iOS Tests.xctest */,
				7B0FB97D1F3175D300BEB81E /* Alamofire.framework */,
				7B0FB97F1F3175D300BEB81E /* Alamofire macOS Tests.xctest */,
				7B0FB9811F3175D300BEB81E /* Alamofire.framework */,
				7B0FB9831F3175D300BEB81E /* Alamofire tvOS Tests.xctest */,
				7B0FB9851F3175D300BEB81E /* Alamofire.framework */,
			);
			name = Products;
			sourceTree = "<group>";
		};
		7B5669151F3056DC000AB99D /* Reachability */ = {
			isa = PBXGroup;
			children = (
				7B5669181F3056DC000AB99D /* Reachability.swift */,
			);
			path = Reachability;
			sourceTree = "<group>";
		};
		7B56691B1F30589C000AB99D /* Frameworks */ = {
			isa = PBXGroup;
			children = (
				7B48331E1F332573008B57F5 /* libsqlite3.0.tbd */,
				7B56691C1F30589D000AB99D /* SystemConfiguration.framework */,
			);
			name = Frameworks;
			sourceTree = "<group>";
		};
		901883811EF0E4E300B0A12C /* Fine */ = {
			isa = PBXGroup;
			children = (
				901883821EF0E4E300B0A12C /* Models */,
				901883831EF0E4E300B0A12C /* Others */,
				901883841EF0E4E300B0A12C /* ViewControllers */,
				901883851EF0E4E300B0A12C /* Views */,
			);
			path = Fine;
			sourceTree = "<group>";
		};
		901883821EF0E4E300B0A12C /* Models */ = {
			isa = PBXGroup;
			children = (
			);
			path = Models;
			sourceTree = "<group>";
		};
		901883831EF0E4E300B0A12C /* Others */ = {
			isa = PBXGroup;
			children = (
			);
			path = Others;
			sourceTree = "<group>";
		};
		901883841EF0E4E300B0A12C /* ViewControllers */ = {
			isa = PBXGroup;
			children = (
				90FEA7581F2F115F00FC3F45 /* DDSearchViewController.swift */,
			);
			path = ViewControllers;
			sourceTree = "<group>";
		};
		901883851EF0E4E300B0A12C /* Views */ = {
			isa = PBXGroup;
			children = (
			);
			path = Views;
			sourceTree = "<group>";
		};
		901883861EF0E4E300B0A12C /* Home */ = {
			isa = PBXGroup;
			children = (
				7B5668941F28D292000AB99D /* Models */,
				901883881EF0E4E300B0A12C /* Others */,
				901883891EF0E4E300B0A12C /* ViewControllers */,
				9018838B1EF0E4E300B0A12C /* Views */,
			);
			path = Home;
			sourceTree = "<group>";
		};
		901883881EF0E4E300B0A12C /* Others */ = {
			isa = PBXGroup;
			children = (
			);
			path = Others;
			sourceTree = "<group>";
		};
		901883891EF0E4E300B0A12C /* ViewControllers */ = {
			isa = PBXGroup;
			children = (
				9018838A1EF0E4E300B0A12C /* HomeViewController.swift */,
				90BE3CA71F2B30350012A528 /* DetaileViewController.swift */,
				9028141B1F2EC7E600839E8B /* DDWebViewController.swift */,
			);
			path = ViewControllers;
			sourceTree = "<group>";
		};
		9018838B1EF0E4E300B0A12C /* Views */ = {
			isa = PBXGroup;
			children = (
				903DFEDC1F25F7FB00CFC8C5 /* XLTopHomeView.swift */,
				903DFF271F26F06F00CFC8C5 /* HomeNewsCell.swift */,
			);
			path = Views;
			sourceTree = "<group>";
		};
		9018839D1EF0E55800B0A12C /* BaseController */ = {
			isa = PBXGroup;
			children = (
				903DFED01F25E4B300CFC8C5 /* MyNavigationController.swift */,
				903DFED11F25E4B300CFC8C5 /* MyTabBarController.swift */,
			);
			path = BaseController;
			sourceTree = "<group>";
		};
		903DFED41F25F62C00CFC8C5 /* Macro */ = {
			isa = PBXGroup;
			children = (
				903DFED51F25F62C00CFC8C5 /* ScreenTool.swift */,
				90BE3CA61F2B25EE0012A528 /* swift_dev-Brdging-Header.h */,
			);
			path = Macro;
			sourceTree = "<group>";
		};
		903DFED61F25F62C00CFC8C5 /* Until */ = {
			isa = PBXGroup;
			children = (
				903DFED71F25F62C00CFC8C5 /* AnimationTool.swift */,
				903DFED81F25F62C00CFC8C5 /* UIView+Extension.swift */,
				903DFF511F2841F400CFC8C5 /* XLNetWorkTool.swift */,
				7B5668B41F28D772000AB99D /* JsonModelTool.swift */,
				7B56691E1F305A90000AB99D /* XLReachability.swift */,
				7B4833081F332526008B57F5 /* HistoryTagsTool.swift */,
			);
			path = Until;
			sourceTree = "<group>";
		};
		903DFEDE1F26EADE00CFC8C5 /* Thirdlb */ = {
			isa = PBXGroup;
			children = (
				7B48330A1F332568008B57F5 /* fmdb */,
				7B5669151F3056DC000AB99D /* Reachability */,
				7B5668DA1F3020D5000AB99D /* Alamofire.xcodeproj */,
				90FEA7151F2EDA4E00FC3F45 /* MJRefresh */,
				90BE3C921F2B22380012A528 /* SVProgressHUD */,
				903DFFA11F2891AC00CFC8C5 /* Kingfisher */,
				903DFFBB1F2891AC00CFC8C5 /* SwiftyJSON */,
				903DFEDF1F26EADE00CFC8C5 /* SnapKit */,
			);
			path = Thirdlb;
			sourceTree = "<group>";
		};
		903DFEDF1F26EADE00CFC8C5 /* SnapKit */ = {
			isa = PBXGroup;
			children = (
				903DFEE01F26EADE00CFC8C5 /* LICENSE */,
				903DFEE11F26EADE00CFC8C5 /* README.md */,
				903DFEE21F26EADE00CFC8C5 /* Source */,
			);
			path = SnapKit;
			sourceTree = "<group>";
		};
		903DFEE21F26EADE00CFC8C5 /* Source */ = {
			isa = PBXGroup;
			children = (
				903DFEE31F26EADE00CFC8C5 /* Constraint.swift */,
				903DFEE41F26EADE00CFC8C5 /* ConstraintAttributes.swift */,
				903DFEE51F26EADE00CFC8C5 /* ConstraintConfig.swift */,
				903DFEE61F26EADE00CFC8C5 /* ConstraintConstantTarget.swift */,
				903DFEE71F26EADE00CFC8C5 /* ConstraintDescription.swift */,
				903DFEE81F26EADE00CFC8C5 /* ConstraintDSL.swift */,
				903DFEE91F26EADE00CFC8C5 /* ConstraintInsets.swift */,
				903DFEEA1F26EADE00CFC8C5 /* ConstraintInsetTarget.swift */,
				903DFEEB1F26EADE00CFC8C5 /* ConstraintItem.swift */,
				903DFEEC1F26EADE00CFC8C5 /* ConstraintLayoutGuide+Extensions.swift */,
				903DFEED1F26EADE00CFC8C5 /* ConstraintLayoutGuide.swift */,
				903DFEEE1F26EADE00CFC8C5 /* ConstraintLayoutGuideDSL.swift */,
				903DFEEF1F26EADE00CFC8C5 /* ConstraintLayoutSupport.swift */,
				903DFEF01F26EADE00CFC8C5 /* ConstraintLayoutSupportDSL.swift */,
				903DFEF11F26EADE00CFC8C5 /* ConstraintMaker.swift */,
				903DFEF21F26EADE00CFC8C5 /* ConstraintMakerEditable.swift */,
				903DFEF31F26EADE00CFC8C5 /* ConstraintMakerExtendable.swift */,
				903DFEF41F26EADE00CFC8C5 /* ConstraintMakerFinalizable.swift */,
				903DFEF51F26EADE00CFC8C5 /* ConstraintMakerPriortizable.swift */,
				903DFEF61F26EADE00CFC8C5 /* ConstraintMakerRelatable.swift */,
				903DFEF71F26EADE00CFC8C5 /* ConstraintMultiplierTarget.swift */,
				903DFEF81F26EADE00CFC8C5 /* ConstraintOffsetTarget.swift */,
				903DFEF91F26EADE00CFC8C5 /* ConstraintPriority.swift */,
				903DFEFA1F26EADE00CFC8C5 /* ConstraintPriorityTarget.swift */,
				903DFEFB1F26EADE00CFC8C5 /* ConstraintRelatableTarget.swift */,
				903DFEFC1F26EADE00CFC8C5 /* ConstraintRelation.swift */,
				903DFEFD1F26EADE00CFC8C5 /* ConstraintView+Extensions.swift */,
				903DFEFE1F26EADE00CFC8C5 /* ConstraintView.swift */,
				903DFEFF1F26EADE00CFC8C5 /* ConstraintViewDSL.swift */,
				903DFF001F26EADE00CFC8C5 /* Debugging.swift */,
				903DFF011F26EADE00CFC8C5 /* LayoutConstraint.swift */,
				903DFF021F26EADE00CFC8C5 /* LayoutConstraintItem.swift */,
				903DFF031F26EADE00CFC8C5 /* UILayoutSupport+Extensions.swift */,
			);
			path = Source;
			sourceTree = "<group>";
		};
		903DFFA11F2891AC00CFC8C5 /* Kingfisher */ = {
			isa = PBXGroup;
			children = (
				903DFFA21F2891AC00CFC8C5 /* LICENSE */,
				903DFFA31F2891AC00CFC8C5 /* README.md */,
				903DFFA41F2891AC00CFC8C5 /* Sources */,
			);
			path = Kingfisher;
			sourceTree = "<group>";
		};
		903DFFA41F2891AC00CFC8C5 /* Sources */ = {
			isa = PBXGroup;
			children = (
				903DFFA51F2891AC00CFC8C5 /* AnimatedImageView.swift */,
				903DFFA61F2891AC00CFC8C5 /* Box.swift */,
				903DFFA71F2891AC00CFC8C5 /* CacheSerializer.swift */,
				903DFFA81F2891AC00CFC8C5 /* Filter.swift */,
				903DFFA91F2891AC00CFC8C5 /* FormatIndicatedCacheSerializer.swift */,
				903DFFAA1F2891AC00CFC8C5 /* Image.swift */,
				903DFFAB1F2891AC00CFC8C5 /* ImageCache.swift */,
				903DFFAC1F2891AC00CFC8C5 /* ImageDownloader.swift */,
				903DFFAD1F2891AC00CFC8C5 /* ImagePrefetcher.swift */,
				903DFFAE1F2891AC00CFC8C5 /* ImageProcessor.swift */,
				903DFFAF1F2891AC00CFC8C5 /* ImageTransition.swift */,
				903DFFB01F2891AC00CFC8C5 /* ImageView+Kingfisher.swift */,
				903DFFB11F2891AC00CFC8C5 /* Indicator.swift */,
				903DFFB21F2891AC00CFC8C5 /* Kingfisher.h */,
				903DFFB31F2891AC00CFC8C5 /* Kingfisher.swift */,
				903DFFB41F2891AC00CFC8C5 /* KingfisherManager.swift */,
				903DFFB51F2891AC00CFC8C5 /* KingfisherOptionsInfo.swift */,
				903DFFB61F2891AC00CFC8C5 /* RequestModifier.swift */,
				903DFFB71F2891AC00CFC8C5 /* Resource.swift */,
				903DFFB81F2891AC00CFC8C5 /* String+MD5.swift */,
				903DFFB91F2891AC00CFC8C5 /* ThreadHelper.swift */,
				903DFFBA1F2891AC00CFC8C5 /* UIButton+Kingfisher.swift */,
			);
			path = Sources;
			sourceTree = "<group>";
		};
		903DFFBB1F2891AC00CFC8C5 /* SwiftyJSON */ = {
			isa = PBXGroup;
			children = (
				903DFFBC1F2891AC00CFC8C5 /* LICENSE */,
				903DFFBD1F2891AC00CFC8C5 /* README.md */,
				903DFFBE1F2891AC00CFC8C5 /* Source */,
			);
			path = SwiftyJSON;
			sourceTree = "<group>";
		};
		903DFFBE1F2891AC00CFC8C5 /* Source */ = {
			isa = PBXGroup;
			children = (
				903DFFBF1F2891AC00CFC8C5 /* SwiftyJSON.swift */,
			);
			path = Source;
			sourceTree = "<group>";
		};
		90BE3C881F2AE1B50012A528 /* Login */ = {
			isa = PBXGroup;
			children = (
				90BE3C891F2AE1B50012A528 /* Models */,
				90BE3C8A1F2AE1B50012A528 /* Others */,
				90BE3C8B1F2AE1B50012A528 /* ViewControllers */,
				90BE3C8C1F2AE1B50012A528 /* Views */,
			);
			path = Login;
			sourceTree = "<group>";
		};
		90BE3C891F2AE1B50012A528 /* Models */ = {
			isa = PBXGroup;
			children = (
			);
			path = Models;
			sourceTree = "<group>";
		};
		90BE3C8A1F2AE1B50012A528 /* Others */ = {
			isa = PBXGroup;
			children = (
			);
			path = Others;
			sourceTree = "<group>";
		};
		90BE3C8B1F2AE1B50012A528 /* ViewControllers */ = {
			isa = PBXGroup;
			children = (
				90BE3C8D1F2AE1E50012A528 /* DDLoginViewController.swift */,
				902814121F2EC60800839E8B /* DDLogonViewController.swift */,
			);
			path = ViewControllers;
			sourceTree = "<group>";
		};
		90BE3C8C1F2AE1B50012A528 /* Views */ = {
			isa = PBXGroup;
			children = (
			);
			path = Views;
			sourceTree = "<group>";
		};
		90BE3C921F2B22380012A528 /* SVProgressHUD */ = {
			isa = PBXGroup;
			children = (
				90BE3C931F2B22380012A528 /* LICENSE.txt */,
				90BE3C941F2B22380012A528 /* README.md */,
				90BE3C951F2B22390012A528 /* SVProgressHUD */,
			);
			path = SVProgressHUD;
			sourceTree = "<group>";
		};
		90BE3C951F2B22390012A528 /* SVProgressHUD */ = {
			isa = PBXGroup;
			children = (
				90BE3C961F2B22390012A528 /* SVIndefiniteAnimatedView.h */,
				90BE3C971F2B22390012A528 /* SVIndefiniteAnimatedView.m */,
				90BE3C981F2B22390012A528 /* SVProgressHUD.bundle */,
				90BE3C991F2B22390012A528 /* SVProgressHUD.h */,
				90BE3C9A1F2B22390012A528 /* SVProgressHUD.m */,
			);
			path = SVProgressHUD;
			sourceTree = "<group>";
		};
		90F94B991EEA812800E1F8D2 = {
			isa = PBXGroup;
			children = (
				90F94BA41EEA812900E1F8D2 /* swift_dev */,
				90F94BA31EEA812900E1F8D2 /* Products */,
				7B56691B1F30589C000AB99D /* Frameworks */,
			);
			sourceTree = "<group>";
		};
		90F94BA31EEA812900E1F8D2 /* Products */ = {
			isa = PBXGroup;
			children = (
				90F94BA21EEA812900E1F8D2 /* swift_dev.app */,
			);
			name = Products;
			sourceTree = "<group>";
		};
		90F94BA41EEA812900E1F8D2 /* swift_dev */ = {
			isa = PBXGroup;
			children = (
				903DFEDE1F26EADE00CFC8C5 /* Thirdlb */,
				903DFED41F25F62C00CFC8C5 /* Macro */,
				903DFED61F25F62C00CFC8C5 /* Until */,
				9018839D1EF0E55800B0A12C /* BaseController */,
				90F94BC81EEA854300E1F8D2 /* Fouction */,
				90F94BBB1EEA842900E1F8D2 /* Source */,
				90F94BAC1EEA812900E1F8D2 /* Assets.xcassets */,
				90F94BC61EEA84B900E1F8D2 /* Info.plist */,
			);
			path = swift_dev;
			sourceTree = "<group>";
		};
		90F94BBB1EEA842900E1F8D2 /* Source */ = {
			isa = PBXGroup;
			children = (
				90F94BBC1EEA842900E1F8D2 /* AppDelegate.swift */,
				90F94BBD1EEA842900E1F8D2 /* LaunchScreen.storyboard */,
				90F94BBE1EEA842900E1F8D2 /* Main.storyboard */,
				90F94BBF1EEA842900E1F8D2 /* ViewController.swift */,
			);
			path = Source;
			sourceTree = "<group>";
		};
		90F94BC81EEA854300E1F8D2 /* Fouction */ = {
			isa = PBXGroup;
			children = (
				7B0FB9861F31761F00BEB81E /* Mine */,
				90BE3C881F2AE1B50012A528 /* Login */,
				901883811EF0E4E300B0A12C /* Fine */,
				901883861EF0E4E300B0A12C /* Home */,
			);
			path = Fouction;
			sourceTree = "<group>";
		};
		90FEA7151F2EDA4E00FC3F45 /* MJRefresh */ = {
			isa = PBXGroup;
			children = (
				90FEA7161F2EDA4E00FC3F45 /* Base */,
				90FEA7211F2EDA4E00FC3F45 /* Custom */,
				90FEA7381F2EDA4E00FC3F45 /* MJRefresh.bundle */,
				90FEA7391F2EDA4E00FC3F45 /* MJRefresh.h */,
				90FEA73A1F2EDA4E00FC3F45 /* MJRefreshConst.h */,
				90FEA73B1F2EDA4E00FC3F45 /* MJRefreshConst.m */,
				90FEA73C1F2EDA4E00FC3F45 /* NSBundle+MJRefresh.h */,
				90FEA73D1F2EDA4E00FC3F45 /* NSBundle+MJRefresh.m */,
				90FEA73E1F2EDA4E00FC3F45 /* UIScrollView+MJExtension.h */,
				90FEA73F1F2EDA4E00FC3F45 /* UIScrollView+MJExtension.m */,
				90FEA7401F2EDA4E00FC3F45 /* UIScrollView+MJRefresh.h */,
				90FEA7411F2EDA4E00FC3F45 /* UIScrollView+MJRefresh.m */,
				90FEA7421F2EDA4E00FC3F45 /* UIView+MJExtension.h */,
				90FEA7431F2EDA4E00FC3F45 /* UIView+MJExtension.m */,
			);
			path = MJRefresh;
			sourceTree = "<group>";
		};
		90FEA7161F2EDA4E00FC3F45 /* Base */ = {
			isa = PBXGroup;
			children = (
				90FEA7171F2EDA4E00FC3F45 /* MJRefreshAutoFooter.h */,
				90FEA7181F2EDA4E00FC3F45 /* MJRefreshAutoFooter.m */,
				90FEA7191F2EDA4E00FC3F45 /* MJRefreshBackFooter.h */,
				90FEA71A1F2EDA4E00FC3F45 /* MJRefreshBackFooter.m */,
				90FEA71B1F2EDA4E00FC3F45 /* MJRefreshComponent.h */,
				90FEA71C1F2EDA4E00FC3F45 /* MJRefreshComponent.m */,
				90FEA71D1F2EDA4E00FC3F45 /* MJRefreshFooter.h */,
				90FEA71E1F2EDA4E00FC3F45 /* MJRefreshFooter.m */,
				90FEA71F1F2EDA4E00FC3F45 /* MJRefreshHeader.h */,
				90FEA7201F2EDA4E00FC3F45 /* MJRefreshHeader.m */,
			);
			path = Base;
			sourceTree = "<group>";
		};
		90FEA7211F2EDA4E00FC3F45 /* Custom */ = {
			isa = PBXGroup;
			children = (
				90FEA7221F2EDA4E00FC3F45 /* Footer */,
				90FEA7311F2EDA4E00FC3F45 /* Header */,
			);
			path = Custom;
			sourceTree = "<group>";
		};
		90FEA7221F2EDA4E00FC3F45 /* Footer */ = {
			isa = PBXGroup;
			children = (
				90FEA7231F2EDA4E00FC3F45 /* Auto */,
				90FEA72A1F2EDA4E00FC3F45 /* Back */,
			);
			path = Footer;
			sourceTree = "<group>";
		};
		90FEA7231F2EDA4E00FC3F45 /* Auto */ = {
			isa = PBXGroup;
			children = (
				90FEA7241F2EDA4E00FC3F45 /* MJRefreshAutoGifFooter.h */,
				90FEA7251F2EDA4E00FC3F45 /* MJRefreshAutoGifFooter.m */,
				90FEA7261F2EDA4E00FC3F45 /* MJRefreshAutoNormalFooter.h */,
				90FEA7271F2EDA4E00FC3F45 /* MJRefreshAutoNormalFooter.m */,
				90FEA7281F2EDA4E00FC3F45 /* MJRefreshAutoStateFooter.h */,
				90FEA7291F2EDA4E00FC3F45 /* MJRefreshAutoStateFooter.m */,
			);
			path = Auto;
			sourceTree = "<group>";
		};
		90FEA72A1F2EDA4E00FC3F45 /* Back */ = {
			isa = PBXGroup;
			children = (
				90FEA72B1F2EDA4E00FC3F45 /* MJRefreshBackGifFooter.h */,
				90FEA72C1F2EDA4E00FC3F45 /* MJRefreshBackGifFooter.m */,
				90FEA72D1F2EDA4E00FC3F45 /* MJRefreshBackNormalFooter.h */,
				90FEA72E1F2EDA4E00FC3F45 /* MJRefreshBackNormalFooter.m */,
				90FEA72F1F2EDA4E00FC3F45 /* MJRefreshBackStateFooter.h */,
				90FEA7301F2EDA4E00FC3F45 /* MJRefreshBackStateFooter.m */,
			);
			path = Back;
			sourceTree = "<group>";
		};
		90FEA7311F2EDA4E00FC3F45 /* Header */ = {
			isa = PBXGroup;
			children = (
				90FEA7321F2EDA4E00FC3F45 /* MJRefreshGifHeader.h */,
				90FEA7331F2EDA4E00FC3F45 /* MJRefreshGifHeader.m */,
				90FEA7341F2EDA4E00FC3F45 /* MJRefreshNormalHeader.h */,
				90FEA7351F2EDA4E00FC3F45 /* MJRefreshNormalHeader.m */,
				90FEA7361F2EDA4E00FC3F45 /* MJRefreshStateHeader.h */,
				90FEA7371F2EDA4E00FC3F45 /* MJRefreshStateHeader.m */,
			);
			path = Header;
			sourceTree = "<group>";
		};
/* End PBXGroup section */

/* Begin PBXNativeTarget section */
		90F94BA11EEA812900E1F8D2 /* swift_dev */ = {
			isa = PBXNativeTarget;
			buildConfigurationList = 90F94BB41EEA812900E1F8D2 /* Build configuration list for PBXNativeTarget "swift_dev" */;
			buildPhases = (
				90F94B9E1EEA812900E1F8D2 /* Sources */,
				90F94B9F1EEA812900E1F8D2 /* Frameworks */,
				90F94BA01EEA812900E1F8D2 /* Resources */,
				903D00CD1F28935E00CFC8C5 /* Embed Frameworks */,
			);
			buildRules = (
			);
			dependencies = (
				7B5669141F30213C000AB99D /* PBXTargetDependency */,
			);
			name = swift_dev;
			productName = swift_dev;
			productReference = 90F94BA21EEA812900E1F8D2 /* swift_dev.app */;
			productType = "com.apple.product-type.application";
		};
/* End PBXNativeTarget section */

/* Begin PBXProject section */
		90F94B9A1EEA812900E1F8D2 /* Project object */ = {
			isa = PBXProject;
			attributes = {
				LastSwiftUpdateCheck = 0820;
				LastUpgradeCheck = 0820;
				ORGANIZATIONNAME = Pactera_Admin;
				TargetAttributes = {
					90F94BA11EEA812900E1F8D2 = {
						CreatedOnToolsVersion = 8.2.1;
						DevelopmentTeam = 3T7PG2G445;
						ProvisioningStyle = Automatic;
					};
				};
			};
			buildConfigurationList = 90F94B9D1EEA812900E1F8D2 /* Build configuration list for PBXProject "swift_dev" */;
			compatibilityVersion = "Xcode 3.2";
			developmentRegion = English;
			hasScannedForEncodings = 0;
			knownRegions = (
				en,
				Base,
			);
			mainGroup = 90F94B991EEA812800E1F8D2;
			productRefGroup = 90F94BA31EEA812900E1F8D2 /* Products */;
			projectDirPath = "";
			projectReferences = (
				{
					ProductGroup = 7B5668DB1F3020D5000AB99D /* Products */;
					ProjectRef = 7B5668DA1F3020D5000AB99D /* Alamofire.xcodeproj */;
				},
			);
			projectRoot = "";
			targets = (
				90F94BA11EEA812900E1F8D2 /* swift_dev */,
			);
		};
/* End PBXProject section */

/* Begin PBXReferenceProxy section */
		7B0FB97B1F3175D300BEB81E /* Alamofire iOS Tests.xctest */ = {
			isa = PBXReferenceProxy;
			fileType = wrapper.cfbundle;
			path = "Alamofire iOS Tests.xctest";
			remoteRef = 7B0FB97A1F3175D300BEB81E /* PBXContainerItemProxy */;
			sourceTree = BUILT_PRODUCTS_DIR;
		};
		7B0FB97D1F3175D300BEB81E /* Alamofire.framework */ = {
			isa = PBXReferenceProxy;
			fileType = wrapper.framework;
			path = Alamofire.framework;
			remoteRef = 7B0FB97C1F3175D300BEB81E /* PBXContainerItemProxy */;
			sourceTree = BUILT_PRODUCTS_DIR;
		};
		7B0FB97F1F3175D300BEB81E /* Alamofire macOS Tests.xctest */ = {
			isa = PBXReferenceProxy;
			fileType = wrapper.cfbundle;
			path = "Alamofire macOS Tests.xctest";
			remoteRef = 7B0FB97E1F3175D300BEB81E /* PBXContainerItemProxy */;
			sourceTree = BUILT_PRODUCTS_DIR;
		};
		7B0FB9811F3175D300BEB81E /* Alamofire.framework */ = {
			isa = PBXReferenceProxy;
			fileType = wrapper.framework;
			path = Alamofire.framework;
			remoteRef = 7B0FB9801F3175D300BEB81E /* PBXContainerItemProxy */;
			sourceTree = BUILT_PRODUCTS_DIR;
		};
		7B0FB9831F3175D300BEB81E /* Alamofire tvOS Tests.xctest */ = {
			isa = PBXReferenceProxy;
			fileType = wrapper.cfbundle;
			path = "Alamofire tvOS Tests.xctest";
			remoteRef = 7B0FB9821F3175D300BEB81E /* PBXContainerItemProxy */;
			sourceTree = BUILT_PRODUCTS_DIR;
		};
		7B0FB9851F3175D300BEB81E /* Alamofire.framework */ = {
			isa = PBXReferenceProxy;
			fileType = wrapper.framework;
			path = Alamofire.framework;
			remoteRef = 7B0FB9841F3175D300BEB81E /* PBXContainerItemProxy */;
			sourceTree = BUILT_PRODUCTS_DIR;
		};
		7B5669041F30213C000AB99D /* Alamofire.framework */ = {
			isa = PBXReferenceProxy;
			fileType = wrapper.framework;
			path = Alamofire.framework;
			remoteRef = 7B5669031F30213C000AB99D /* PBXContainerItemProxy */;
			sourceTree = BUILT_PRODUCTS_DIR;
		};
/* End PBXReferenceProxy section */

/* Begin PBXResourcesBuildPhase section */
		90F94BA01EEA812900E1F8D2 /* Resources */ = {
			isa = PBXResourcesBuildPhase;
			buildActionMask = 2147483647;
			files = (
				903DFFC01F2891AC00CFC8C5 /* LICENSE in Resources */,
				90BE3C9E1F2B22390012A528 /* SVProgressHUD.bundle in Resources */,
				7B0FB9911F3176DB00BEB81E /* MineStaicCell.xib in Resources */,
				90F94BC71EEA84B900E1F8D2 /* Info.plist in Resources */,
				90F94BC21EEA842900E1F8D2 /* Main.storyboard in Resources */,
				903DFFD71F2891AC00CFC8C5 /* LICENSE in Resources */,
				90BE3C9B1F2B22390012A528 /* LICENSE.txt in Resources */,
				90F94BAD1EEA812900E1F8D2 /* Assets.xcassets in Resources */,
				90F94BC11EEA842900E1F8D2 /* LaunchScreen.storyboard in Resources */,
				90FEA7521F2EDA4E00FC3F45 /* MJRefresh.bundle in Resources */,
				903DFF041F26EADE00CFC8C5 /* LICENSE in Resources */,
			);
			runOnlyForDeploymentPostprocessing = 0;
		};
/* End PBXResourcesBuildPhase section */

/* Begin PBXSourcesBuildPhase section */
		90F94B9E1EEA812900E1F8D2 /* Sources */ = {
			isa = PBXSourcesBuildPhase;
			buildActionMask = 2147483647;
			files = (
				903DFEDB1F25F62C00CFC8C5 /* UIView+Extension.swift in Sources */,
				903DFFC51F2891AC00CFC8C5 /* Filter.swift in Sources */,
				903DFF121F26EADE00CFC8C5 /* ConstraintLayoutSupport.swift in Sources */,
				90FEA7571F2EDA4E00FC3F45 /* UIView+MJExtension.m in Sources */,
				90FEA7501F2EDA4E00FC3F45 /* MJRefreshNormalHeader.m in Sources */,
				903DFF191F26EADE00CFC8C5 /* ConstraintMakerRelatable.swift in Sources */,
				903DFF1E1F26EADE00CFC8C5 /* ConstraintRelatableTarget.swift in Sources */,
				903DFF201F26EADE00CFC8C5 /* ConstraintView+Extensions.swift in Sources */,
				90FEA7541F2EDA4E00FC3F45 /* NSBundle+MJRefresh.m in Sources */,
				90FEA74A1F2EDA4E00FC3F45 /* MJRefreshAutoNormalFooter.m in Sources */,
				903DFF0F1F26EADE00CFC8C5 /* ConstraintLayoutGuide+Extensions.swift in Sources */,
				901883961EF0E4E300B0A12C /* HomeViewController.swift in Sources */,
				7B4832FF1F32C5FD008B57F5 /* StaicCellModel.swift in Sources */,
				7B48331A1F332568008B57F5 /* FMDatabasePool.m in Sources */,
				903DFFCA1F2891AC00CFC8C5 /* ImagePrefetcher.swift in Sources */,
				90FEA74C1F2EDA4E00FC3F45 /* MJRefreshBackGifFooter.m in Sources */,
				7B48331C1F332568008B57F5 /* FMDBHelper.m in Sources */,
				903DFF051F26EADE00CFC8C5 /* README.md in Sources */,
				903DFFC11F2891AC00CFC8C5 /* README.md in Sources */,
				90FEA74E1F2EDA4E00FC3F45 /* MJRefreshBackStateFooter.m in Sources */,
				903DFFD51F2891AC00CFC8C5 /* ThreadHelper.swift in Sources */,
				903DFF0E1F26EADE00CFC8C5 /* ConstraintItem.swift in Sources */,
				90FEA7511F2EDA4E00FC3F45 /* MJRefreshStateHeader.m in Sources */,
				903DFF091F26EADE00CFC8C5 /* ConstraintConstantTarget.swift in Sources */,
				903DFF101F26EADE00CFC8C5 /* ConstraintLayoutGuide.swift in Sources */,
				903DFF1F1F26EADE00CFC8C5 /* ConstraintRelation.swift in Sources */,
				903DFF081F26EADE00CFC8C5 /* ConstraintConfig.swift in Sources */,
				7B4833181F332568008B57F5 /* FMDatabase.m in Sources */,
				903DFF211F26EADE00CFC8C5 /* ConstraintView.swift in Sources */,
				903DFFC91F2891AC00CFC8C5 /* ImageDownloader.swift in Sources */,
				903DFFCB1F2891AC00CFC8C5 /* ImageProcessor.swift in Sources */,
				903DFFC41F2891AC00CFC8C5 /* CacheSerializer.swift in Sources */,
				903DFF1B1F26EADE00CFC8C5 /* ConstraintOffsetTarget.swift in Sources */,
				903DFF1C1F26EADE00CFC8C5 /* ConstraintPriority.swift in Sources */,
				903DFFCC1F2891AC00CFC8C5 /* ImageTransition.swift in Sources */,
				7B0FB9901F3176DB00BEB81E /* MineStaicCell.swift in Sources */,
				90F94BC31EEA842900E1F8D2 /* ViewController.swift in Sources */,
				903DFFD01F2891AC00CFC8C5 /* KingfisherManager.swift in Sources */,
				903DFF521F2841F400CFC8C5 /* XLNetWorkTool.swift in Sources */,
				903DFF111F26EADE00CFC8C5 /* ConstraintLayoutGuideDSL.swift in Sources */,
				903DFF0B1F26EADE00CFC8C5 /* ConstraintDSL.swift in Sources */,
				903DFF241F26EADE00CFC8C5 /* LayoutConstraint.swift in Sources */,
				90BE3C8E1F2AE1E50012A528 /* DDLoginViewController.swift in Sources */,
				903DFED31F25E4B300CFC8C5 /* MyTabBarController.swift in Sources */,
				903DFED21F25E4B300CFC8C5 /* MyNavigationController.swift in Sources */,
				90F94BC01EEA842900E1F8D2 /* AppDelegate.swift in Sources */,
				903DFF251F26EADE00CFC8C5 /* LayoutConstraintItem.swift in Sources */,
				903DFFCD1F2891AC00CFC8C5 /* ImageView+Kingfisher.swift in Sources */,
				7B5668B51F28D772000AB99D /* JsonModelTool.swift in Sources */,
				90FEA7441F2EDA4E00FC3F45 /* MJRefreshAutoFooter.m in Sources */,
				90FEA7561F2EDA4E00FC3F45 /* UIScrollView+MJRefresh.m in Sources */,
				90FEA7451F2EDA4E00FC3F45 /* MJRefreshBackFooter.m in Sources */,
				903DFFC21F2891AC00CFC8C5 /* AnimatedImageView.swift in Sources */,
				903DFF231F26EADE00CFC8C5 /* Debugging.swift in Sources */,
				7B48331D1F332568008B57F5 /* FMResultSet.m in Sources */,
				903DFFD61F2891AC00CFC8C5 /* UIButton+Kingfisher.swift in Sources */,
				90BE3CA81F2B30350012A528 /* DetaileViewController.swift in Sources */,
				7B0FB98B1F31765A00BEB81E /* MineViewController.swift in Sources */,
				90FEA7491F2EDA4E00FC3F45 /* MJRefreshAutoGifFooter.m in Sources */,
				903DFF151F26EADE00CFC8C5 /* ConstraintMakerEditable.swift in Sources */,
				90FEA7531F2EDA4E00FC3F45 /* MJRefreshConst.m in Sources */,
				903DFF1A1F26EADE00CFC8C5 /* ConstraintMultiplierTarget.swift in Sources */,
				903DFF061F26EADE00CFC8C5 /* Constraint.swift in Sources */,
				903DFF261F26EADE00CFC8C5 /* UILayoutSupport+Extensions.swift in Sources */,
				90BE3C9F1F2B22390012A528 /* SVProgressHUD.m in Sources */,
				903DFF0C1F26EADE00CFC8C5 /* ConstraintInsets.swift in Sources */,
				903DFF181F26EADE00CFC8C5 /* ConstraintMakerPriortizable.swift in Sources */,
				90FEA7461F2EDA4E00FC3F45 /* MJRefreshComponent.m in Sources */,
				903DFF281F26F06F00CFC8C5 /* HomeNewsCell.swift in Sources */,
				903DFFC61F2891AC00CFC8C5 /* FormatIndicatedCacheSerializer.swift in Sources */,
				903DFF171F26EADE00CFC8C5 /* ConstraintMakerFinalizable.swift in Sources */,
				90BE3C9D1F2B22390012A528 /* SVIndefiniteAnimatedView.m in Sources */,
				903DFEDA1F25F62C00CFC8C5 /* AnimationTool.swift in Sources */,
				902814131F2EC60800839E8B /* DDLogonViewController.swift in Sources */,
				90FEA7481F2EDA4E00FC3F45 /* MJRefreshHeader.m in Sources */,
				90FEA7591F2F115F00FC3F45 /* DDSearchViewController.swift in Sources */,
				903DFFD11F2891AC00CFC8C5 /* KingfisherOptionsInfo.swift in Sources */,
				903DFFCF1F2891AC00CFC8C5 /* Kingfisher.swift in Sources */,
				903DFFC81F2891AC00CFC8C5 /* ImageCache.swift in Sources */,
				903DFFD31F2891AC00CFC8C5 /* Resource.swift in Sources */,
				7B4833191F332568008B57F5 /* FMDatabaseAdditions.m in Sources */,
				90FEA7471F2EDA4E00FC3F45 /* MJRefreshFooter.m in Sources */,
				903DFF221F26EADE00CFC8C5 /* ConstraintViewDSL.swift in Sources */,
				903DFF0D1F26EADE00CFC8C5 /* ConstraintInsetTarget.swift in Sources */,
				9028141C1F2EC7E600839E8B /* DDWebViewController.swift in Sources */,
				90FEA74D1F2EDA4E00FC3F45 /* MJRefreshBackNormalFooter.m in Sources */,
				903DFFD91F2891AC00CFC8C5 /* SwiftyJSON.swift in Sources */,
				903DFFD41F2891AC00CFC8C5 /* String+MD5.swift in Sources */,
				903DFFD21F2891AC00CFC8C5 /* RequestModifier.swift in Sources */,
				903DFFCE1F2891AC00CFC8C5 /* Indicator.swift in Sources */,
				7B5668961F28D29D000AB99D /* HomeTopic.swift in Sources */,
				903DFF071F26EADE00CFC8C5 /* ConstraintAttributes.swift in Sources */,
				903DFF131F26EADE00CFC8C5 /* ConstraintLayoutSupportDSL.swift in Sources */,
				90FEA74F1F2EDA4E00FC3F45 /* MJRefreshGifHeader.m in Sources */,
				903DFF141F26EADE00CFC8C5 /* ConstraintMaker.swift in Sources */,
				7B48331B1F332568008B57F5 /* FMDatabaseQueue.m in Sources */,
				90FEA7551F2EDA4E00FC3F45 /* UIScrollView+MJExtension.m in Sources */,
				7B56691F1F305A90000AB99D /* XLReachability.swift in Sources */,
				903DFFC71F2891AC00CFC8C5 /* Image.swift in Sources */,
				90BE3C9C1F2B22390012A528 /* README.md in Sources */,
				903DFF1D1F26EADE00CFC8C5 /* ConstraintPriorityTarget.swift in Sources */,
				903DFFD81F2891AC00CFC8C5 /* README.md in Sources */,
				903DFEDD1F25F7FB00CFC8C5 /* XLTopHomeView.swift in Sources */,
				903DFED91F25F62C00CFC8C5 /* ScreenTool.swift in Sources */,
				903DFFC31F2891AC00CFC8C5 /* Box.swift in Sources */,
				7B56691A1F3056DC000AB99D /* Reachability.swift in Sources */,
				903DFF0A1F26EADE00CFC8C5 /* ConstraintDescription.swift in Sources */,
				90FEA74B1F2EDA4E00FC3F45 /* MJRefreshAutoStateFooter.m in Sources */,
				7B0FB98D1F31768F00BEB81E /* HeaderCell.swift in Sources */,
				7B4833091F332526008B57F5 /* HistoryTagsTool.swift in Sources */,
				903DFF161F26EADE00CFC8C5 /* ConstraintMakerExtendable.swift in Sources */,
			);
			runOnlyForDeploymentPostprocessing = 0;
		};
/* End PBXSourcesBuildPhase section */

/* Begin PBXTargetDependency section */
		7B5669141F30213C000AB99D /* PBXTargetDependency */ = {
			isa = PBXTargetDependency;
			name = "Alamofire iOS";
			targetProxy = 7B5669131F30213C000AB99D /* PBXContainerItemProxy */;
		};
/* End PBXTargetDependency section */

/* Begin XCBuildConfiguration section */
		90F94BB21EEA812900E1F8D2 /* Debug */ = {
			isa = XCBuildConfiguration;
			buildSettings = {
				ALWAYS_SEARCH_USER_PATHS = NO;
				CLANG_ANALYZER_NONNULL = YES;
				CLANG_CXX_LANGUAGE_STANDARD = "gnu++0x";
				CLANG_CXX_LIBRARY = "libc++";
				CLANG_ENABLE_MODULES = YES;
				CLANG_ENABLE_OBJC_ARC = YES;
				CLANG_WARN_BOOL_CONVERSION = YES;
				CLANG_WARN_CONSTANT_CONVERSION = YES;
				CLANG_WARN_DIRECT_OBJC_ISA_USAGE = YES_ERROR;
				CLANG_WARN_DOCUMENTATION_COMMENTS = YES;
				CLANG_WARN_EMPTY_BODY = YES;
				CLANG_WARN_ENUM_CONVERSION = YES;
				CLANG_WARN_INFINITE_RECURSION = YES;
				CLANG_WARN_INT_CONVERSION = YES;
				CLANG_WARN_OBJC_ROOT_CLASS = YES_ERROR;
				CLANG_WARN_SUSPICIOUS_MOVE = YES;
				CLANG_WARN_UNREACHABLE_CODE = YES;
				CLANG_WARN__DUPLICATE_METHOD_MATCH = YES;
				"CODE_SIGN_IDENTITY[sdk=iphoneos*]" = "iPhone Developer";
				COPY_PHASE_STRIP = NO;
				DEBUG_INFORMATION_FORMAT = dwarf;
				ENABLE_STRICT_OBJC_MSGSEND = YES;
				ENABLE_TESTABILITY = YES;
				GCC_C_LANGUAGE_STANDARD = gnu99;
				GCC_DYNAMIC_NO_PIC = NO;
				GCC_NO_COMMON_BLOCKS = YES;
				GCC_OPTIMIZATION_LEVEL = 0;
				GCC_PREPROCESSOR_DEFINITIONS = (
					"DEBUG=1",
					"$(inherited)",
				);
				GCC_WARN_64_TO_32_BIT_CONVERSION = YES;
				GCC_WARN_ABOUT_RETURN_TYPE = YES_ERROR;
				GCC_WARN_UNDECLARED_SELECTOR = YES;
				GCC_WARN_UNINITIALIZED_AUTOS = YES_AGGRESSIVE;
				GCC_WARN_UNUSED_FUNCTION = YES;
				GCC_WARN_UNUSED_VARIABLE = YES;
				IPHONEOS_DEPLOYMENT_TARGET = 10.2;
				MTL_ENABLE_DEBUG_INFO = YES;
				ONLY_ACTIVE_ARCH = YES;
				SDKROOT = iphoneos;
				SWIFT_ACTIVE_COMPILATION_CONDITIONS = DEBUG;
				SWIFT_OPTIMIZATION_LEVEL = "-Onone";
			};
			name = Debug;
		};
		90F94BB31EEA812900E1F8D2 /* Release */ = {
			isa = XCBuildConfiguration;
			buildSettings = {
				ALWAYS_SEARCH_USER_PATHS = NO;
				CLANG_ANALYZER_NONNULL = YES;
				CLANG_CXX_LANGUAGE_STANDARD = "gnu++0x";
				CLANG_CXX_LIBRARY = "libc++";
				CLANG_ENABLE_MODULES = YES;
				CLANG_ENABLE_OBJC_ARC = YES;
				CLANG_WARN_BOOL_CONVERSION = YES;
				CLANG_WARN_CONSTANT_CONVERSION = YES;
				CLANG_WARN_DIRECT_OBJC_ISA_USAGE = YES_ERROR;
				CLANG_WARN_DOCUMENTATION_COMMENTS = YES;
				CLANG_WARN_EMPTY_BODY = YES;
				CLANG_WARN_ENUM_CONVERSION = YES;
				CLANG_WARN_INFINITE_RECURSION = YES;
				CLANG_WARN_INT_CONVERSION = YES;
				CLANG_WARN_OBJC_ROOT_CLASS = YES_ERROR;
				CLANG_WARN_SUSPICIOUS_MOVE = YES;
				CLANG_WARN_UNREACHABLE_CODE = YES;
				CLANG_WARN__DUPLICATE_METHOD_MATCH = YES;
				"CODE_SIGN_IDENTITY[sdk=iphoneos*]" = "iPhone Developer";
				COPY_PHASE_STRIP = NO;
				DEBUG_INFORMATION_FORMAT = "dwarf-with-dsym";
				ENABLE_NS_ASSERTIONS = NO;
				ENABLE_STRICT_OBJC_MSGSEND = YES;
				GCC_C_LANGUAGE_STANDARD = gnu99;
				GCC_NO_COMMON_BLOCKS = YES;
				GCC_WARN_64_TO_32_BIT_CONVERSION = YES;
				GCC_WARN_ABOUT_RETURN_TYPE = YES_ERROR;
				GCC_WARN_UNDECLARED_SELECTOR = YES;
				GCC_WARN_UNINITIALIZED_AUTOS = YES_AGGRESSIVE;
				GCC_WARN_UNUSED_FUNCTION = YES;
				GCC_WARN_UNUSED_VARIABLE = YES;
				IPHONEOS_DEPLOYMENT_TARGET = 10.2;
				MTL_ENABLE_DEBUG_INFO = NO;
				SDKROOT = iphoneos;
				SWIFT_OPTIMIZATION_LEVEL = "-Owholemodule";
				VALIDATE_PRODUCT = YES;
			};
			name = Release;
		};
		90F94BB51EEA812900E1F8D2 /* Debug */ = {
			isa = XCBuildConfiguration;
			buildSettings = {
				ALWAYS_EMBED_SWIFT_STANDARD_LIBRARIES = YES;
				ASSETCATALOG_COMPILER_APPICON_NAME = AppIcon;
				DEVELOPMENT_TEAM = 3T7PG2G445;
				INFOPLIST_FILE = swift_dev/Info.plist;
				IPHONEOS_DEPLOYMENT_TARGET = 10.3;
				LD_RUNPATH_SEARCH_PATHS = "$(inherited) @executable_path/Frameworks";
				PRODUCT_BUNDLE_IDENTIFIER = "hello.swift-dev";
				PRODUCT_NAME = "$(TARGET_NAME)";
				SWIFT_OBJC_BRIDGING_HEADER = "/Users/dengxiliang/Desktop/swfit_dev/swift_dev/Macro/swift_dev-Brdging-Header.h";
				SWIFT_VERSION = 3.0;
			};
			name = Debug;
		};
		90F94BB61EEA812900E1F8D2 /* Release */ = {
			isa = XCBuildConfiguration;
			buildSettings = {
				ALWAYS_EMBED_SWIFT_STANDARD_LIBRARIES = YES;
				ASSETCATALOG_COMPILER_APPICON_NAME = AppIcon;
				DEVELOPMENT_TEAM = 3T7PG2G445;
				INFOPLIST_FILE = swift_dev/Info.plist;
				IPHONEOS_DEPLOYMENT_TARGET = 10.3;
				LD_RUNPATH_SEARCH_PATHS = "$(inherited) @executable_path/Frameworks";
				PRODUCT_BUNDLE_IDENTIFIER = "hello.swift-dev";
				PRODUCT_NAME = "$(TARGET_NAME)";
				SWIFT_OBJC_BRIDGING_HEADER = "/Users/dengxiliang/Desktop/swfit_dev/swift_dev/Macro/swift_dev-Brdging-Header.h";
				SWIFT_VERSION = 3.0;
			};
			name = Release;
		};
/* End XCBuildConfiguration section */

/* Begin XCConfigurationList section */
		90F94B9D1EEA812900E1F8D2 /* Build configuration list for PBXProject "swift_dev" */ = {
			isa = XCConfigurationList;
			buildConfigurations = (
				90F94BB21EEA812900E1F8D2 /* Debug */,
				90F94BB31EEA812900E1F8D2 /* Release */,
			);
			defaultConfigurationIsVisible = 0;
			defaultConfigurationName = Release;
		};
		90F94BB41EEA812900E1F8D2 /* Build configuration list for PBXNativeTarget "swift_dev" */ = {
			isa = XCConfigurationList;
			buildConfigurations = (
				90F94BB51EEA812900E1F8D2 /* Debug */,
				90F94BB61EEA812900E1F8D2 /* Release */,
			);
			defaultConfigurationIsVisible = 0;
			defaultConfigurationName = Release;
		};
/* End XCConfigurationList section */
	};
	rootObject = 90F94B9A1EEA812900E1F8D2 /* Project object */;
}
