// !$*UTF8*$!
{
	archiveVersion = 1;
	classes = {
	};
	objectVersion = 46;
	objects = {

/* Begin PBXBuildFile section */
		901883961EF0E4E300B0A12C /* HomeViewController.swift in Sources */ = {isa = PBXBuildFile; fileRef = 9018838A1EF0E4E300B0A12C /* HomeViewController.swift */; };
		901883981EF0E50300B0A12C /* MineViewController.swift in Sources */ = {isa = PBXBuildFile; fileRef = 901883971EF0E50300B0A12C /* MineViewController.swift */; };
		9018839A1EF0E51600B0A12C /* LicaiViewController.swift in Sources */ = {isa = PBXBuildFile; fileRef = 901883991EF0E51600B0A12C /* LicaiViewController.swift */; };
		9018839C1EF0E52400B0A12C /* FineViewController.swift in Sources */ = {isa = PBXBuildFile; fileRef = 9018839B1EF0E52400B0A12C /* FineViewController.swift */; };
		9018839F1EF0E71300B0A12C /* AX_TabbarController.swift in Sources */ = {isa = PBXBuildFile; fileRef = 9018839E1EF0E71300B0A12C /* AX_TabbarController.swift */; };
		90F94BAD1EEA812900E1F8D2 /* Assets.xcassets in Resources */ = {isa = PBXBuildFile; fileRef = 90F94BAC1EEA812900E1F8D2 /* Assets.xcassets */; };
		90F94BC01EEA842900E1F8D2 /* AppDelegate.swift in Sources */ = {isa = PBXBuildFile; fileRef = 90F94BBC1EEA842900E1F8D2 /* AppDelegate.swift */; };
		90F94BC11EEA842900E1F8D2 /* LaunchScreen.storyboard in Resources */ = {isa = PBXBuildFile; fileRef = 90F94BBD1EEA842900E1F8D2 /* LaunchScreen.storyboard */; };
		90F94BC21EEA842900E1F8D2 /* Main.storyboard in Resources */ = {isa = PBXBuildFile; fileRef = 90F94BBE1EEA842900E1F8D2 /* Main.storyboard */; };
		90F94BC31EEA842900E1F8D2 /* ViewController.swift in Sources */ = {isa = PBXBuildFile; fileRef = 90F94BBF1EEA842900E1F8D2 /* ViewController.swift */; };
		90F94BC71EEA84B900E1F8D2 /* Info.plist in Resources */ = {isa = PBXBuildFile; fileRef = 90F94BC61EEA84B900E1F8D2 /* Info.plist */; };
		90F94BCC1EEA858D00E1F8D2 /* ScreenTool.swift in Sources */ = {isa = PBXBuildFile; fileRef = 90F94BCB1EEA858D00E1F8D2 /* ScreenTool.swift */; };
		90F94BD01EEF92B400E1F8D2 /* AnimationTool.swift in Sources */ = {isa = PBXBuildFile; fileRef = 90F94BCF1EEF92B400E1F8D2 /* AnimationTool.swift */; };
/* End PBXBuildFile section */

/* Begin PBXFileReference section */
		9018838A1EF0E4E300B0A12C /* HomeViewController.swift */ = {isa = PBXFileReference; fileEncoding = 4; lastKnownFileType = sourcecode.swift; path = HomeViewController.swift; sourceTree = "<group>"; };
		901883971EF0E50300B0A12C /* MineViewController.swift */ = {isa = PBXFileReference; fileEncoding = 4; lastKnownFileType = sourcecode.swift; path = MineViewController.swift; sourceTree = "<group>"; };
		901883991EF0E51600B0A12C /* LicaiViewController.swift */ = {isa = PBXFileReference; fileEncoding = 4; lastKnownFileType = sourcecode.swift; path = LicaiViewController.swift; sourceTree = "<group>"; };
		9018839B1EF0E52400B0A12C /* FineViewController.swift */ = {isa = PBXFileReference; fileEncoding = 4; lastKnownFileType = sourcecode.swift; path = FineViewController.swift; sourceTree = "<group>"; };
		9018839E1EF0E71300B0A12C /* AX_TabbarController.swift */ = {isa = PBXFileReference; fileEncoding = 4; lastKnownFileType = sourcecode.swift; path = AX_TabbarController.swift; sourceTree = "<group>"; };
		90F94BA21EEA812900E1F8D2 /* swift_dev.app */ = {isa = PBXFileReference; explicitFileType = wrapper.application; includeInIndex = 0; path = swift_dev.app; sourceTree = BUILT_PRODUCTS_DIR; };
		90F94BAC1EEA812900E1F8D2 /* Assets.xcassets */ = {isa = PBXFileReference; lastKnownFileType = folder.assetcatalog; path = Assets.xcassets; sourceTree = "<group>"; };
		90F94BBC1EEA842900E1F8D2 /* AppDelegate.swift */ = {isa = PBXFileReference; fileEncoding = 4; lastKnownFileType = sourcecode.swift; path = AppDelegate.swift; sourceTree = "<group>"; };
		90F94BBD1EEA842900E1F8D2 /* LaunchScreen.storyboard */ = {isa = PBXFileReference; fileEncoding = 4; lastKnownFileType = file.storyboard; path = LaunchScreen.storyboard; sourceTree = "<group>"; };
		90F94BBE1EEA842900E1F8D2 /* Main.storyboard */ = {isa = PBXFileReference; fileEncoding = 4; lastKnownFileType = file.storyboard; path = Main.storyboard; sourceTree = "<group>"; };
		90F94BBF1EEA842900E1F8D2 /* ViewController.swift */ = {isa = PBXFileReference; fileEncoding = 4; lastKnownFileType = sourcecode.swift; path = ViewController.swift; sourceTree = "<group>"; };
		90F94BC61EEA84B900E1F8D2 /* Info.plist */ = {isa = PBXFileReference; fileEncoding = 4; lastKnownFileType = text.plist.xml; path = Info.plist; sourceTree = "<group>"; };
		90F94BCB1EEA858D00E1F8D2 /* ScreenTool.swift */ = {isa = PBXFileReference; fileEncoding = 4; lastKnownFileType = sourcecode.swift; path = ScreenTool.swift; sourceTree = "<group>"; };
		90F94BCF1EEF92B400E1F8D2 /* AnimationTool.swift */ = {isa = PBXFileReference; fileEncoding = 4; lastKnownFileType = sourcecode.swift; path = AnimationTool.swift; sourceTree = "<group>"; };
/* End PBXFileReference section */

/* Begin PBXFrameworksBuildPhase section */
		90F94B9F1EEA812900E1F8D2 /* Frameworks */ = {
			isa = PBXFrameworksBuildPhase;
			buildActionMask = 2147483647;
			files = (
			);
			runOnlyForDeploymentPostprocessing = 0;
		};
/* End PBXFrameworksBuildPhase section */

/* Begin PBXGroup section */
		901883811EF0E4E300B0A12C /* Fine */ = {
			isa = PBXGroup;
			children = (
				901883821EF0E4E300B0A12C /* Models */,
				901883831EF0E4E300B0A12C /* Others */,
				901883841EF0E4E300B0A12C /* ViewControllers */,
				901883851EF0E4E300B0A12C /* Views */,
			);
			path = Fine;
			sourceTree = "<group>";
		};
		901883821EF0E4E300B0A12C /* Models */ = {
			isa = PBXGroup;
			children = (
			);
			path = Models;
			sourceTree = "<group>";
		};
		901883831EF0E4E300B0A12C /* Others */ = {
			isa = PBXGroup;
			children = (
			);
			path = Others;
			sourceTree = "<group>";
		};
		901883841EF0E4E300B0A12C /* ViewControllers */ = {
			isa = PBXGroup;
			children = (
				9018839B1EF0E52400B0A12C /* FineViewController.swift */,
			);
			path = ViewControllers;
			sourceTree = "<group>";
		};
		901883851EF0E4E300B0A12C /* Views */ = {
			isa = PBXGroup;
			children = (
			);
			path = Views;
			sourceTree = "<group>";
		};
		901883861EF0E4E300B0A12C /* Home */ = {
			isa = PBXGroup;
			children = (
				901883871EF0E4E300B0A12C /* Models */,
				901883881EF0E4E300B0A12C /* Others */,
				901883891EF0E4E300B0A12C /* ViewControllers */,
				9018838B1EF0E4E300B0A12C /* Views */,
			);
			path = Home;
			sourceTree = "<group>";
		};
		901883871EF0E4E300B0A12C /* Models */ = {
			isa = PBXGroup;
			children = (
			);
			path = Models;
			sourceTree = "<group>";
		};
		901883881EF0E4E300B0A12C /* Others */ = {
			isa = PBXGroup;
			children = (
			);
			path = Others;
			sourceTree = "<group>";
		};
		901883891EF0E4E300B0A12C /* ViewControllers */ = {
			isa = PBXGroup;
			children = (
				9018838A1EF0E4E300B0A12C /* HomeViewController.swift */,
			);
			path = ViewControllers;
			sourceTree = "<group>";
		};
		9018838B1EF0E4E300B0A12C /* Views */ = {
			isa = PBXGroup;
			children = (
			);
			path = Views;
			sourceTree = "<group>";
		};
		9018838C1EF0E4E300B0A12C /* Licai */ = {
			isa = PBXGroup;
			children = (
				9018838D1EF0E4E300B0A12C /* Models */,
				9018838E1EF0E4E300B0A12C /* Others */,
				9018838F1EF0E4E300B0A12C /* ViewControllers */,
				901883901EF0E4E300B0A12C /* Views */,
			);
			path = Licai;
			sourceTree = "<group>";
		};
		9018838D1EF0E4E300B0A12C /* Models */ = {
			isa = PBXGroup;
			children = (
			);
			path = Models;
			sourceTree = "<group>";
		};
		9018838E1EF0E4E300B0A12C /* Others */ = {
			isa = PBXGroup;
			children = (
			);
			path = Others;
			sourceTree = "<group>";
		};
		9018838F1EF0E4E300B0A12C /* ViewControllers */ = {
			isa = PBXGroup;
			children = (
				901883991EF0E51600B0A12C /* LicaiViewController.swift */,
			);
			path = ViewControllers;
			sourceTree = "<group>";
		};
		901883901EF0E4E300B0A12C /* Views */ = {
			isa = PBXGroup;
			children = (
			);
			path = Views;
			sourceTree = "<group>";
		};
		901883911EF0E4E300B0A12C /* Mine */ = {
			isa = PBXGroup;
			children = (
				901883921EF0E4E300B0A12C /* Models */,
				901883931EF0E4E300B0A12C /* Others */,
				901883941EF0E4E300B0A12C /* ViewControllers */,
				901883951EF0E4E300B0A12C /* Views */,
			);
			path = Mine;
			sourceTree = "<group>";
		};
		901883921EF0E4E300B0A12C /* Models */ = {
			isa = PBXGroup;
			children = (
			);
			path = Models;
			sourceTree = "<group>";
		};
		901883931EF0E4E300B0A12C /* Others */ = {
			isa = PBXGroup;
			children = (
			);
			path = Others;
			sourceTree = "<group>";
		};
		901883941EF0E4E300B0A12C /* ViewControllers */ = {
			isa = PBXGroup;
			children = (
				901883971EF0E50300B0A12C /* MineViewController.swift */,
			);
			path = ViewControllers;
			sourceTree = "<group>";
		};
		901883951EF0E4E300B0A12C /* Views */ = {
			isa = PBXGroup;
			children = (
			);
			path = Views;
			sourceTree = "<group>";
		};
		9018839D1EF0E55800B0A12C /* BaseController */ = {
			isa = PBXGroup;
			children = (
				9018839E1EF0E71300B0A12C /* AX_TabbarController.swift */,
			);
			path = BaseController;
			sourceTree = "<group>";
		};
		90F94B991EEA812800E1F8D2 = {
			isa = PBXGroup;
			children = (
				90F94BA41EEA812900E1F8D2 /* swift_dev */,
				90F94BA31EEA812900E1F8D2 /* Products */,
			);
			sourceTree = "<group>";
		};
		90F94BA31EEA812900E1F8D2 /* Products */ = {
			isa = PBXGroup;
			children = (
				90F94BA21EEA812900E1F8D2 /* swift_dev.app */,
			);
			name = Products;
			sourceTree = "<group>";
		};
		90F94BA41EEA812900E1F8D2 /* swift_dev */ = {
			isa = PBXGroup;
			children = (
				9018839D1EF0E55800B0A12C /* BaseController */,
				90F94BC81EEA854300E1F8D2 /* Fouction */,
				90F94BCA1EEA854300E1F8D2 /* Tool */,
				90F94BBB1EEA842900E1F8D2 /* Source */,
				90F94BAC1EEA812900E1F8D2 /* Assets.xcassets */,
				90F94BC61EEA84B900E1F8D2 /* Info.plist */,
			);
			path = swift_dev;
			sourceTree = "<group>";
		};
		90F94BBB1EEA842900E1F8D2 /* Source */ = {
			isa = PBXGroup;
			children = (
				90F94BBC1EEA842900E1F8D2 /* AppDelegate.swift */,
				90F94BBD1EEA842900E1F8D2 /* LaunchScreen.storyboard */,
				90F94BBE1EEA842900E1F8D2 /* Main.storyboard */,
				90F94BBF1EEA842900E1F8D2 /* ViewController.swift */,
			);
			path = Source;
			sourceTree = "<group>";
		};
		90F94BC81EEA854300E1F8D2 /* Fouction */ = {
			isa = PBXGroup;
			children = (
				901883811EF0E4E300B0A12C /* Fine */,
				901883861EF0E4E300B0A12C /* Home */,
				9018838C1EF0E4E300B0A12C /* Licai */,
				901883911EF0E4E300B0A12C /* Mine */,
			);
			path = Fouction;
			sourceTree = "<group>";
		};
		90F94BCA1EEA854300E1F8D2 /* Tool */ = {
			isa = PBXGroup;
			children = (
				90F94BCB1EEA858D00E1F8D2 /* ScreenTool.swift */,
				90F94BCF1EEF92B400E1F8D2 /* AnimationTool.swift */,
			);
			path = Tool;
			sourceTree = "<group>";
		};
/* End PBXGroup section */

/* Begin PBXNativeTarget section */
		90F94BA11EEA812900E1F8D2 /* swift_dev */ = {
			isa = PBXNativeTarget;
			buildConfigurationList = 90F94BB41EEA812900E1F8D2 /* Build configuration list for PBXNativeTarget "swift_dev" */;
			buildPhases = (
				90F94B9E1EEA812900E1F8D2 /* Sources */,
				90F94B9F1EEA812900E1F8D2 /* Frameworks */,
				90F94BA01EEA812900E1F8D2 /* Resources */,
			);
			buildRules = (
			);
			dependencies = (
			);
			name = swift_dev;
			productName = swift_dev;
			productReference = 90F94BA21EEA812900E1F8D2 /* swift_dev.app */;
			productType = "com.apple.product-type.application";
		};
/* End PBXNativeTarget section */

/* Begin PBXProject section */
		90F94B9A1EEA812900E1F8D2 /* Project object */ = {
			isa = PBXProject;
			attributes = {
				LastSwiftUpdateCheck = 0820;
				LastUpgradeCheck = 0820;
				ORGANIZATIONNAME = Pactera_Admin;
				TargetAttributes = {
					90F94BA11EEA812900E1F8D2 = {
						CreatedOnToolsVersion = 8.2.1;
						ProvisioningStyle = Automatic;
					};
				};
			};
			buildConfigurationList = 90F94B9D1EEA812900E1F8D2 /* Build configuration list for PBXProject "swift_dev" */;
			compatibilityVersion = "Xcode 3.2";
			developmentRegion = English;
			hasScannedForEncodings = 0;
			knownRegions = (
				en,
				Base,
			);
			mainGroup = 90F94B991EEA812800E1F8D2;
			productRefGroup = 90F94BA31EEA812900E1F8D2 /* Products */;
			projectDirPath = "";
			projectRoot = "";
			targets = (
				90F94BA11EEA812900E1F8D2 /* swift_dev */,
			);
		};
/* End PBXProject section */

/* Begin PBXResourcesBuildPhase section */
		90F94BA01EEA812900E1F8D2 /* Resources */ = {
			isa = PBXResourcesBuildPhase;
			buildActionMask = 2147483647;
			files = (
				90F94BC71EEA84B900E1F8D2 /* Info.plist in Resources */,
				90F94BC21EEA842900E1F8D2 /* Main.storyboard in Resources */,
				90F94BAD1EEA812900E1F8D2 /* Assets.xcassets in Resources */,
				90F94BC11EEA842900E1F8D2 /* LaunchScreen.storyboard in Resources */,
			);
			runOnlyForDeploymentPostprocessing = 0;
		};
/* End PBXResourcesBuildPhase section */

/* Begin PBXSourcesBuildPhase section */
		90F94B9E1EEA812900E1F8D2 /* Sources */ = {
			isa = PBXSourcesBuildPhase;
			buildActionMask = 2147483647;
			files = (
				901883961EF0E4E300B0A12C /* HomeViewController.swift in Sources */,
				90F94BC31EEA842900E1F8D2 /* ViewController.swift in Sources */,
				9018839F1EF0E71300B0A12C /* AX_TabbarController.swift in Sources */,
				90F94BD01EEF92B400E1F8D2 /* AnimationTool.swift in Sources */,
				90F94BC01EEA842900E1F8D2 /* AppDelegate.swift in Sources */,
				9018839C1EF0E52400B0A12C /* FineViewController.swift in Sources */,
				9018839A1EF0E51600B0A12C /* LicaiViewController.swift in Sources */,
				90F94BCC1EEA858D00E1F8D2 /* ScreenTool.swift in Sources */,
				901883981EF0E50300B0A12C /* MineViewController.swift in Sources */,
			);
			runOnlyForDeploymentPostprocessing = 0;
		};
/* End PBXSourcesBuildPhase section */

/* Begin XCBuildConfiguration section */
		90F94BB21EEA812900E1F8D2 /* Debug */ = {
			isa = XCBuildConfiguration;
			buildSettings = {
				ALWAYS_SEARCH_USER_PATHS = NO;
				CLANG_ANALYZER_NONNULL = YES;
				CLANG_CXX_LANGUAGE_STANDARD = "gnu++0x";
				CLANG_CXX_LIBRARY = "libc++";
				CLANG_ENABLE_MODULES = YES;
				CLANG_ENABLE_OBJC_ARC = YES;
				CLANG_WARN_BOOL_CONVERSION = YES;
				CLANG_WARN_CONSTANT_CONVERSION = YES;
				CLANG_WARN_DIRECT_OBJC_ISA_USAGE = YES_ERROR;
				CLANG_WARN_DOCUMENTATION_COMMENTS = YES;
				CLANG_WARN_EMPTY_BODY = YES;
				CLANG_WARN_ENUM_CONVERSION = YES;
				CLANG_WARN_INFINITE_RECURSION = YES;
				CLANG_WARN_INT_CONVERSION = YES;
				CLANG_WARN_OBJC_ROOT_CLASS = YES_ERROR;
				CLANG_WARN_SUSPICIOUS_MOVE = YES;
				CLANG_WARN_UNREACHABLE_CODE = YES;
				CLANG_WARN__DUPLICATE_METHOD_MATCH = YES;
				"CODE_SIGN_IDENTITY[sdk=iphoneos*]" = "iPhone Developer";
				COPY_PHASE_STRIP = NO;
				DEBUG_INFORMATION_FORMAT = dwarf;
				ENABLE_STRICT_OBJC_MSGSEND = YES;
				ENABLE_TESTABILITY = YES;
				GCC_C_LANGUAGE_STANDARD = gnu99;
				GCC_DYNAMIC_NO_PIC = NO;
				GCC_NO_COMMON_BLOCKS = YES;
				GCC_OPTIMIZATION_LEVEL = 0;
				GCC_PREPROCESSOR_DEFINITIONS = (
					"DEBUG=1",
					"$(inherited)",
				);
				GCC_WARN_64_TO_32_BIT_CONVERSION = YES;
				GCC_WARN_ABOUT_RETURN_TYPE = YES_ERROR;
				GCC_WARN_UNDECLARED_SELECTOR = YES;
				GCC_WARN_UNINITIALIZED_AUTOS = YES_AGGRESSIVE;
				GCC_WARN_UNUSED_FUNCTION = YES;
				GCC_WARN_UNUSED_VARIABLE = YES;
				IPHONEOS_DEPLOYMENT_TARGET = 10.2;
				MTL_ENABLE_DEBUG_INFO = YES;
				ONLY_ACTIVE_ARCH = YES;
				SDKROOT = iphoneos;
				SWIFT_ACTIVE_COMPILATION_CONDITIONS = DEBUG;
				SWIFT_OPTIMIZATION_LEVEL = "-Onone";
			};
			name = Debug;
		};
		90F94BB31EEA812900E1F8D2 /* Release */ = {
			isa = XCBuildConfiguration;
			buildSettings = {
				ALWAYS_SEARCH_USER_PATHS = NO;
				CLANG_ANALYZER_NONNULL = YES;
				CLANG_CXX_LANGUAGE_STANDARD = "gnu++0x";
				CLANG_CXX_LIBRARY = "libc++";
				CLANG_ENABLE_MODULES = YES;
				CLANG_ENABLE_OBJC_ARC = YES;
				CLANG_WARN_BOOL_CONVERSION = YES;
				CLANG_WARN_CONSTANT_CONVERSION = YES;
				CLANG_WARN_DIRECT_OBJC_ISA_USAGE = YES_ERROR;
				CLANG_WARN_DOCUMENTATION_COMMENTS = YES;
				CLANG_WARN_EMPTY_BODY = YES;
				CLANG_WARN_ENUM_CONVERSION = YES;
				CLANG_WARN_INFINITE_RECURSION = YES;
				CLANG_WARN_INT_CONVERSION = YES;
				CLANG_WARN_OBJC_ROOT_CLASS = YES_ERROR;
				CLANG_WARN_SUSPICIOUS_MOVE = YES;
				CLANG_WARN_UNREACHABLE_CODE = YES;
				CLANG_WARN__DUPLICATE_METHOD_MATCH = YES;
				"CODE_SIGN_IDENTITY[sdk=iphoneos*]" = "iPhone Developer";
				COPY_PHASE_STRIP = NO;
				DEBUG_INFORMATION_FORMAT = "dwarf-with-dsym";
				ENABLE_NS_ASSERTIONS = NO;
				ENABLE_STRICT_OBJC_MSGSEND = YES;
				GCC_C_LANGUAGE_STANDARD = gnu99;
				GCC_NO_COMMON_BLOCKS = YES;
				GCC_WARN_64_TO_32_BIT_CONVERSION = YES;
				GCC_WARN_ABOUT_RETURN_TYPE = YES_ERROR;
				GCC_WARN_UNDECLARED_SELECTOR = YES;
				GCC_WARN_UNINITIALIZED_AUTOS = YES_AGGRESSIVE;
				GCC_WARN_UNUSED_FUNCTION = YES;
				GCC_WARN_UNUSED_VARIABLE = YES;
				IPHONEOS_DEPLOYMENT_TARGET = 10.2;
				MTL_ENABLE_DEBUG_INFO = NO;
				SDKROOT = iphoneos;
				SWIFT_OPTIMIZATION_LEVEL = "-Owholemodule";
				VALIDATE_PRODUCT = YES;
			};
			name = Release;
		};
		90F94BB51EEA812900E1F8D2 /* Debug */ = {
			isa = XCBuildConfiguration;
			buildSettings = {
				ASSETCATALOG_COMPILER_APPICON_NAME = AppIcon;
				INFOPLIST_FILE = swift_dev/Info.plist;
				LD_RUNPATH_SEARCH_PATHS = "$(inherited) @executable_path/Frameworks";
				PRODUCT_BUNDLE_IDENTIFIER = "hello.swift-dev";
				PRODUCT_NAME = "$(TARGET_NAME)";
				SWIFT_VERSION = 3.0;
			};
			name = Debug;
		};
		90F94BB61EEA812900E1F8D2 /* Release */ = {
			isa = XCBuildConfiguration;
			buildSettings = {
				ASSETCATALOG_COMPILER_APPICON_NAME = AppIcon;
				INFOPLIST_FILE = swift_dev/Info.plist;
				LD_RUNPATH_SEARCH_PATHS = "$(inherited) @executable_path/Frameworks";
				PRODUCT_BUNDLE_IDENTIFIER = "hello.swift-dev";
				PRODUCT_NAME = "$(TARGET_NAME)";
				SWIFT_VERSION = 3.0;
			};
			name = Release;
		};
/* End XCBuildConfiguration section */

/* Begin XCConfigurationList section */
		90F94B9D1EEA812900E1F8D2 /* Build configuration list for PBXProject "swift_dev" */ = {
			isa = XCConfigurationList;
			buildConfigurations = (
				90F94BB21EEA812900E1F8D2 /* Debug */,
				90F94BB31EEA812900E1F8D2 /* Release */,
			);
			defaultConfigurationIsVisible = 0;
			defaultConfigurationName = Release;
		};
		90F94BB41EEA812900E1F8D2 /* Build configuration list for PBXNativeTarget "swift_dev" */ = {
			isa = XCConfigurationList;
			buildConfigurations = (
				90F94BB51EEA812900E1F8D2 /* Debug */,
				90F94BB61EEA812900E1F8D2 /* Release */,
			);
			defaultConfigurationIsVisible = 0;
			defaultConfigurationName = Release;
		};
/* End XCConfigurationList section */
	};
	rootObject = 90F94B9A1EEA812900E1F8D2 /* Project object */;
}
